// !$*UTF8*$!
{
	archiveVersion = 1;
	classes = {
	};
	objectVersion = 50;
	objects = {

/* Begin PBXBuildFile section */
		0A4D97DD1CA502AE71667C61 /* Pods_KiwiSlangWidget.framework in Frameworks */ = {isa = PBXBuildFile; fileRef = 9325A1262C38F232DF31BAE7 /* Pods_KiwiSlangWidget.framework */; };
		563B1A4981DEF019239EA412 /* Pods_kiwiSlangApp.framework in Frameworks */ = {isa = PBXBuildFile; fileRef = BD09502F210C150A0040D0D8 /* Pods_kiwiSlangApp.framework */; };
		9D5F12296CA28C78F835E989 /* Pods_kiwiSlangAppUITests.framework in Frameworks */ = {isa = PBXBuildFile; fileRef = DD41E72FD89D11F3B720906E /* Pods_kiwiSlangAppUITests.framework */; };
		BD0D99A8210122CB00FBBA2F /* Localizable.strings in Resources */ = {isa = PBXBuildFile; fileRef = BD0D99AA210122CB00FBBA2F /* Localizable.strings */; };
		BD0D99B02101357B00FBBA2F /* AppCoordinatorProtocol.swift in Sources */ = {isa = PBXBuildFile; fileRef = BD0D99AF2101357B00FBBA2F /* AppCoordinatorProtocol.swift */; };
		BD0D99B3210135B300FBBA2F /* AppCoordinator.swift in Sources */ = {isa = PBXBuildFile; fileRef = BD0D99B2210135B300FBBA2F /* AppCoordinator.swift */; };
		BD0D99B62101366700FBBA2F /* SlangViewerViewController.swift in Sources */ = {isa = PBXBuildFile; fileRef = BD0D99B42101366700FBBA2F /* SlangViewerViewController.swift */; };
		BD0D99B72101366700FBBA2F /* SlangViewerViewController.xib in Resources */ = {isa = PBXBuildFile; fileRef = BD0D99B52101366700FBBA2F /* SlangViewerViewController.xib */; };
		BD0D99BB2101372500FBBA2F /* Constants.swift in Sources */ = {isa = PBXBuildFile; fileRef = BD0D99BA2101372500FBBA2F /* Constants.swift */; };
		BD0D99BD2101372C00FBBA2F /* Colors.swift in Sources */ = {isa = PBXBuildFile; fileRef = BD0D99BC2101372B00FBBA2F /* Colors.swift */; };
		BD0D99C02101385D00FBBA2F /* UIViewExtension.swift in Sources */ = {isa = PBXBuildFile; fileRef = BD0D99BF2101385D00FBBA2F /* UIViewExtension.swift */; };
		BD0D99C321013A5800FBBA2F /* DetailViewController.swift in Sources */ = {isa = PBXBuildFile; fileRef = BD0D99C121013A5800FBBA2F /* DetailViewController.swift */; };
		BD0D99C421013A5800FBBA2F /* DetailViewController.xib in Resources */ = {isa = PBXBuildFile; fileRef = BD0D99C221013A5800FBBA2F /* DetailViewController.xib */; };
		BD0D99C82101443300FBBA2F /* SlangViewModel.swift in Sources */ = {isa = PBXBuildFile; fileRef = BD0D99C72101443300FBBA2F /* SlangViewModel.swift */; };
		BD0D99CA210144A200FBBA2F /* SlangWordProtocol.swift in Sources */ = {isa = PBXBuildFile; fileRef = BD0D99C9210144A200FBBA2F /* SlangWordProtocol.swift */; };
		BD0D99CC210145D800FBBA2F /* MainViewController.swift in Sources */ = {isa = PBXBuildFile; fileRef = BD0D99CB210145D800FBBA2F /* MainViewController.swift */; };
		BD0D99CE2101461B00FBBA2F /* MainViewControllerProtocol.swift in Sources */ = {isa = PBXBuildFile; fileRef = BD0D99CD2101461B00FBBA2F /* MainViewControllerProtocol.swift */; };
		BD0D9A1521014E5C00FBBA2F /* PersitanceManager.swift in Sources */ = {isa = PBXBuildFile; fileRef = BD0D9A1421014E5C00FBBA2F /* PersitanceManager.swift */; };
		BD19107D21014FEB00837158 /* nzSlang.plist in Resources */ = {isa = PBXBuildFile; fileRef = BD19107C21014FEB00837158 /* nzSlang.plist */; };
		BD191080210156AD00837158 /* CountryFactory.swift in Sources */ = {isa = PBXBuildFile; fileRef = BD19107F210156AD00837158 /* CountryFactory.swift */; };
		BD191082210158B600837158 /* WordParser.swift in Sources */ = {isa = PBXBuildFile; fileRef = BD191081210158B600837158 /* WordParser.swift */; };
		BD222B4921044A7C0038699C /* Country.swift in Sources */ = {isa = PBXBuildFile; fileRef = BD222B4821044A7C0038699C /* Country.swift */; };
		BD222B4B21044AF70038699C /* SlangWord.swift in Sources */ = {isa = PBXBuildFile; fileRef = BD222B4A21044AF70038699C /* SlangWord.swift */; };
		BD259B7A2104D73E00C7D0DE /* CollectionExtension.swift in Sources */ = {isa = PBXBuildFile; fileRef = BDEB29EE2104D6BF006874BA /* CollectionExtension.swift */; };
		BD259B7B2104D73E00C7D0DE /* CollectionExtension.swift in Sources */ = {isa = PBXBuildFile; fileRef = BDEB29EE2104D6BF006874BA /* CollectionExtension.swift */; };
		BD259B7E2105364500C7D0DE /* Images.swift in Sources */ = {isa = PBXBuildFile; fileRef = BD259B7C2105364500C7D0DE /* Images.swift */; };
		BD259B7F2105364500C7D0DE /* Images.swift in Sources */ = {isa = PBXBuildFile; fileRef = BD259B7C2105364500C7D0DE /* Images.swift */; };
		BD259B802105364500C7D0DE /* Images.swift in Sources */ = {isa = PBXBuildFile; fileRef = BD259B7C2105364500C7D0DE /* Images.swift */; };
		BD259B812105364500C7D0DE /* Localized.swift in Sources */ = {isa = PBXBuildFile; fileRef = BD259B7D2105364500C7D0DE /* Localized.swift */; };
		BD259B822105364500C7D0DE /* Localized.swift in Sources */ = {isa = PBXBuildFile; fileRef = BD259B7D2105364500C7D0DE /* Localized.swift */; };
		BD259B832105364500C7D0DE /* Localized.swift in Sources */ = {isa = PBXBuildFile; fileRef = BD259B7D2105364500C7D0DE /* Localized.swift */; };
		BD259B84210565B400C7D0DE /* Assets.xcassets in Resources */ = {isa = PBXBuildFile; fileRef = BD96BFA521011DF800A354FC /* Assets.xcassets */; };
		BD259B85210565B500C7D0DE /* Assets.xcassets in Resources */ = {isa = PBXBuildFile; fileRef = BD96BFA521011DF800A354FC /* Assets.xcassets */; };
		BD259B8721056E1800C7D0DE /* SnapshotHelper.swift in Sources */ = {isa = PBXBuildFile; fileRef = BD259B8621056E1700C7D0DE /* SnapshotHelper.swift */; };
		BD317CAF210C3251006A7948 /* SlangWordProtocol.swift in Sources */ = {isa = PBXBuildFile; fileRef = BD0D99C9210144A200FBBA2F /* SlangWordProtocol.swift */; };
		BD317CB0210C325F006A7948 /* PersitanceManager.swift in Sources */ = {isa = PBXBuildFile; fileRef = BD0D9A1421014E5C00FBBA2F /* PersitanceManager.swift */; };
		BD58AC78210C0A3B00185FF3 /* UIViewExtension.swift in Sources */ = {isa = PBXBuildFile; fileRef = BD0D99BF2101385D00FBBA2F /* UIViewExtension.swift */; };
		BD58AC79210C0A4700185FF3 /* Colors.swift in Sources */ = {isa = PBXBuildFile; fileRef = BD0D99BC2101372B00FBBA2F /* Colors.swift */; };
		BD58AC7A210C0BB500185FF3 /* Constants.swift in Sources */ = {isa = PBXBuildFile; fileRef = BD0D99BA2101372500FBBA2F /* Constants.swift */; };
		BD58AC7C210C0D3E00185FF3 /* CountryFactory.swift in Sources */ = {isa = PBXBuildFile; fileRef = BD19107F210156AD00837158 /* CountryFactory.swift */; };
		BD6D4F43211D280A00D6220C /* GoogleService-Info.plist in Resources */ = {isa = PBXBuildFile; fileRef = BD6D4F42211D280A00D6220C /* GoogleService-Info.plist */; };
		BD6D4F48211D3B5100D6220C /* UIViewControllerExtension.swift in Sources */ = {isa = PBXBuildFile; fileRef = BD6D4F47211D3B5100D6220C /* UIViewControllerExtension.swift */; };
		BD6D4F49211D3B5100D6220C /* UIViewControllerExtension.swift in Sources */ = {isa = PBXBuildFile; fileRef = BD6D4F47211D3B5100D6220C /* UIViewControllerExtension.swift */; };
		BD6D4F4A211D3B5100D6220C /* UIViewControllerExtension.swift in Sources */ = {isa = PBXBuildFile; fileRef = BD6D4F47211D3B5100D6220C /* UIViewControllerExtension.swift */; };
		BD6D4F4B211D3B5100D6220C /* UIViewControllerExtension.swift in Sources */ = {isa = PBXBuildFile; fileRef = BD6D4F47211D3B5100D6220C /* UIViewControllerExtension.swift */; };
		BD7B3D6F210D715900D0FCE0 /* Localized.swift in Sources */ = {isa = PBXBuildFile; fileRef = BD259B7D2105364500C7D0DE /* Localized.swift */; };
		BD7B3D70210D716500D0FCE0 /* Localizable.strings in Resources */ = {isa = PBXBuildFile; fileRef = BD0D99AA210122CB00FBBA2F /* Localizable.strings */; };
		BD807160210458E6008BE4B1 /* CountryFactory.swift in Sources */ = {isa = PBXBuildFile; fileRef = BD19107F210156AD00837158 /* CountryFactory.swift */; };
		BD807161210458E7008BE4B1 /* CountryFactory.swift in Sources */ = {isa = PBXBuildFile; fileRef = BD19107F210156AD00837158 /* CountryFactory.swift */; };
		BD80716B21045A09008BE4B1 /* MainViewController.swift in Sources */ = {isa = PBXBuildFile; fileRef = BD0D99CB210145D800FBBA2F /* MainViewController.swift */; };
		BD80716C21045A09008BE4B1 /* MainViewController.swift in Sources */ = {isa = PBXBuildFile; fileRef = BD0D99CB210145D800FBBA2F /* MainViewController.swift */; };
		BD80716D21045A10008BE4B1 /* DetailViewController.swift in Sources */ = {isa = PBXBuildFile; fileRef = BD0D99C121013A5800FBBA2F /* DetailViewController.swift */; };
		BD80716E21045A11008BE4B1 /* DetailViewController.swift in Sources */ = {isa = PBXBuildFile; fileRef = BD0D99C121013A5800FBBA2F /* DetailViewController.swift */; };
		BD80717021045A1A008BE4B1 /* DetailViewController.xib in Resources */ = {isa = PBXBuildFile; fileRef = BD0D99C221013A5800FBBA2F /* DetailViewController.xib */; };
		BD80717121045A1B008BE4B1 /* DetailViewController.xib in Resources */ = {isa = PBXBuildFile; fileRef = BD0D99C221013A5800FBBA2F /* DetailViewController.xib */; };
		BD80717221045A1F008BE4B1 /* SlangViewerViewController.xib in Resources */ = {isa = PBXBuildFile; fileRef = BD0D99B52101366700FBBA2F /* SlangViewerViewController.xib */; };
		BD80717421045A22008BE4B1 /* SlangViewerViewController.xib in Resources */ = {isa = PBXBuildFile; fileRef = BD0D99B52101366700FBBA2F /* SlangViewerViewController.xib */; };
		BD80717521045A2F008BE4B1 /* AppCoordinatorProtocol.swift in Sources */ = {isa = PBXBuildFile; fileRef = BD0D99AF2101357B00FBBA2F /* AppCoordinatorProtocol.swift */; };
		BD80717621045A2F008BE4B1 /* AppCoordinatorProtocol.swift in Sources */ = {isa = PBXBuildFile; fileRef = BD0D99AF2101357B00FBBA2F /* AppCoordinatorProtocol.swift */; };
		BD80717721045A33008BE4B1 /* MainViewControllerProtocol.swift in Sources */ = {isa = PBXBuildFile; fileRef = BD0D99CD2101461B00FBBA2F /* MainViewControllerProtocol.swift */; };
		BD80717821045A33008BE4B1 /* MainViewControllerProtocol.swift in Sources */ = {isa = PBXBuildFile; fileRef = BD0D99CD2101461B00FBBA2F /* MainViewControllerProtocol.swift */; };
		BD80717921045A37008BE4B1 /* UIViewExtension.swift in Sources */ = {isa = PBXBuildFile; fileRef = BD0D99BF2101385D00FBBA2F /* UIViewExtension.swift */; };
		BD80717A21045A38008BE4B1 /* UIViewExtension.swift in Sources */ = {isa = PBXBuildFile; fileRef = BD0D99BF2101385D00FBBA2F /* UIViewExtension.swift */; };
		BD80717B21045A40008BE4B1 /* Constants.swift in Sources */ = {isa = PBXBuildFile; fileRef = BD0D99BA2101372500FBBA2F /* Constants.swift */; };
		BD80717C21045A41008BE4B1 /* Constants.swift in Sources */ = {isa = PBXBuildFile; fileRef = BD0D99BA2101372500FBBA2F /* Constants.swift */; };
		BD80717D21045A43008BE4B1 /* Colors.swift in Sources */ = {isa = PBXBuildFile; fileRef = BD0D99BC2101372B00FBBA2F /* Colors.swift */; };
		BD80717E21045A44008BE4B1 /* Colors.swift in Sources */ = {isa = PBXBuildFile; fileRef = BD0D99BC2101372B00FBBA2F /* Colors.swift */; };
		BD80717F21045A48008BE4B1 /* nzSlang.plist in Resources */ = {isa = PBXBuildFile; fileRef = BD19107C21014FEB00837158 /* nzSlang.plist */; };
		BD80718021045A49008BE4B1 /* nzSlang.plist in Resources */ = {isa = PBXBuildFile; fileRef = BD19107C21014FEB00837158 /* nzSlang.plist */; };
		BD80718221045B63008BE4B1 /* CardView.xib in Resources */ = {isa = PBXBuildFile; fileRef = BD80718121045B63008BE4B1 /* CardView.xib */; };
		BD80718421045C10008BE4B1 /* CardView.swift in Sources */ = {isa = PBXBuildFile; fileRef = BD80718321045C10008BE4B1 /* CardView.swift */; };
		BD80718521045CE6008BE4B1 /* CardView.swift in Sources */ = {isa = PBXBuildFile; fileRef = BD80718321045C10008BE4B1 /* CardView.swift */; };
		BD80718621045CE7008BE4B1 /* CardView.swift in Sources */ = {isa = PBXBuildFile; fileRef = BD80718321045C10008BE4B1 /* CardView.swift */; };
		BD80718721045CEC008BE4B1 /* CardView.xib in Resources */ = {isa = PBXBuildFile; fileRef = BD80718121045B63008BE4B1 /* CardView.xib */; };
		BD80718821045CED008BE4B1 /* CardView.xib in Resources */ = {isa = PBXBuildFile; fileRef = BD80718121045B63008BE4B1 /* CardView.xib */; };
		BD96BF9C21011DF500A354FC /* AppDelegate.swift in Sources */ = {isa = PBXBuildFile; fileRef = BD96BF9B21011DF500A354FC /* AppDelegate.swift */; };
		BD96BFA621011DF800A354FC /* Assets.xcassets in Resources */ = {isa = PBXBuildFile; fileRef = BD96BFA521011DF800A354FC /* Assets.xcassets */; };
		BD96BFA921011DF800A354FC /* LaunchScreen.storyboard in Resources */ = {isa = PBXBuildFile; fileRef = BD96BFA721011DF800A354FC /* LaunchScreen.storyboard */; };
		BD96BFB421011DF800A354FC /* kiwiSlangAppTests.swift in Sources */ = {isa = PBXBuildFile; fileRef = BD96BFB321011DF800A354FC /* kiwiSlangAppTests.swift */; };
		BD96BFBF21011DF800A354FC /* kiwiSlangAppUITests.swift in Sources */ = {isa = PBXBuildFile; fileRef = BD96BFBE21011DF800A354FC /* kiwiSlangAppUITests.swift */; };
		BDC10CE3210C401B0020AF22 /* WordParser.swift in Sources */ = {isa = PBXBuildFile; fileRef = BD191081210158B600837158 /* WordParser.swift */; };
		BDC10CE4210C40260020AF22 /* SlangWord.swift in Sources */ = {isa = PBXBuildFile; fileRef = BD222B4A21044AF70038699C /* SlangWord.swift */; };
		BDC10CE5210C40340020AF22 /* Country.swift in Sources */ = {isa = PBXBuildFile; fileRef = BD222B4821044A7C0038699C /* Country.swift */; };
		BDC10CE6210C40490020AF22 /* CollectionExtension.swift in Sources */ = {isa = PBXBuildFile; fileRef = BDEB29EE2104D6BF006874BA /* CollectionExtension.swift */; };
		BDC10CE7210C40580020AF22 /* CardView.swift in Sources */ = {isa = PBXBuildFile; fileRef = BD80718321045C10008BE4B1 /* CardView.swift */; };
		BDEB29EF2104D6BF006874BA /* CollectionExtension.swift in Sources */ = {isa = PBXBuildFile; fileRef = BDEB29EE2104D6BF006874BA /* CollectionExtension.swift */; };
		BDFAA244210C006D003D929C /* NotificationCenter.framework in Frameworks */ = {isa = PBXBuildFile; fileRef = BDFAA243210C006D003D929C /* NotificationCenter.framework */; };
		BDFAA247210C006D003D929C /* TodayViewController.swift in Sources */ = {isa = PBXBuildFile; fileRef = BDFAA246210C006D003D929C /* TodayViewController.swift */; };
		BDFAA24A210C006D003D929C /* MainInterface.storyboard in Resources */ = {isa = PBXBuildFile; fileRef = BDFAA248210C006D003D929C /* MainInterface.storyboard */; };
		BDFAA24E210C006D003D929C /* KiwiSlangWidget.appex in Embed App Extensions */ = {isa = PBXBuildFile; fileRef = BDFAA242210C006C003D929C /* KiwiSlangWidget.appex */; settings = {ATTRIBUTES = (RemoveHeadersOnCopy, ); }; };
		C82C278D8DB38C3A01E26F05 /* Pods_kiwiSlangApp.framework in Frameworks */ = {isa = PBXBuildFile; fileRef = C9EB978BBE168478F0F062CE /* Pods_kiwiSlangApp.framework */; };
		D0F91420286CF16E80ACE551 /* Pods_kiwiSlangAppTests.framework in Frameworks */ = {isa = PBXBuildFile; fileRef = 011E9BBE5669CC31DBD75D0F /* Pods_kiwiSlangAppTests.framework */; };
/* End PBXBuildFile section */

/* Begin PBXContainerItemProxy section */
		BD96BFB021011DF800A354FC /* PBXContainerItemProxy */ = {
			isa = PBXContainerItemProxy;
			containerPortal = BD96BF9021011DF500A354FC /* Project object */;
			proxyType = 1;
			remoteGlobalIDString = BD96BF9721011DF500A354FC;
			remoteInfo = kiwiSlangApp;
		};
		BD96BFBB21011DF800A354FC /* PBXContainerItemProxy */ = {
			isa = PBXContainerItemProxy;
			containerPortal = BD96BF9021011DF500A354FC /* Project object */;
			proxyType = 1;
			remoteGlobalIDString = BD96BF9721011DF500A354FC;
			remoteInfo = kiwiSlangApp;
		};
		BDFAA24C210C006D003D929C /* PBXContainerItemProxy */ = {
			isa = PBXContainerItemProxy;
			containerPortal = BD96BF9021011DF500A354FC /* Project object */;
			proxyType = 1;
			remoteGlobalIDString = BDFAA241210C006C003D929C;
			remoteInfo = KiwiSlangWidget;
		};
/* End PBXContainerItemProxy section */

/* Begin PBXCopyFilesBuildPhase section */
		BDFAA253210C006D003D929C /* Embed App Extensions */ = {
			isa = PBXCopyFilesBuildPhase;
			buildActionMask = 2147483647;
			dstPath = "";
			dstSubfolderSpec = 13;
			files = (
				BDFAA24E210C006D003D929C /* KiwiSlangWidget.appex in Embed App Extensions */,
			);
			name = "Embed App Extensions";
			runOnlyForDeploymentPostprocessing = 0;
		};
/* End PBXCopyFilesBuildPhase section */

/* Begin PBXFileReference section */
		011E9BBE5669CC31DBD75D0F /* Pods_kiwiSlangAppTests.framework */ = {isa = PBXFileReference; explicitFileType = wrapper.framework; includeInIndex = 0; path = Pods_kiwiSlangAppTests.framework; sourceTree = BUILT_PRODUCTS_DIR; };
		13F66C6F30300D43A2CE82B0 /* Pods-kiwiSlangAppTests.staging.xcconfig */ = {isa = PBXFileReference; includeInIndex = 1; lastKnownFileType = text.xcconfig; name = "Pods-kiwiSlangAppTests.staging.xcconfig"; path = "Pods/Target Support Files/Pods-kiwiSlangAppTests/Pods-kiwiSlangAppTests.staging.xcconfig"; sourceTree = "<group>"; };
		141DF031864DDC8413FB884D /* Pods-kiwiSlangAppUITests.staging.xcconfig */ = {isa = PBXFileReference; includeInIndex = 1; lastKnownFileType = text.xcconfig; name = "Pods-kiwiSlangAppUITests.staging.xcconfig"; path = "Pods/Target Support Files/Pods-kiwiSlangAppUITests/Pods-kiwiSlangAppUITests.staging.xcconfig"; sourceTree = "<group>"; };
		1A1D3484A5EBB1A03DF07557 /* Pods-KiwiSlangWidget.debug.xcconfig */ = {isa = PBXFileReference; includeInIndex = 1; lastKnownFileType = text.xcconfig; name = "Pods-KiwiSlangWidget.debug.xcconfig"; path = "Pods/Target Support Files/Pods-KiwiSlangWidget/Pods-KiwiSlangWidget.debug.xcconfig"; sourceTree = "<group>"; };
		4B8FC6037EE9C0747E9C1E25 /* Pods-KiwiSlangWidget.staging.xcconfig */ = {isa = PBXFileReference; includeInIndex = 1; lastKnownFileType = text.xcconfig; name = "Pods-KiwiSlangWidget.staging.xcconfig"; path = "Pods/Target Support Files/Pods-KiwiSlangWidget/Pods-KiwiSlangWidget.staging.xcconfig"; sourceTree = "<group>"; };
		6041E7029AA9F967E41696A9 /* Pods-KiwiSlangWidget.release.xcconfig */ = {isa = PBXFileReference; includeInIndex = 1; lastKnownFileType = text.xcconfig; name = "Pods-KiwiSlangWidget.release.xcconfig"; path = "Pods/Target Support Files/Pods-KiwiSlangWidget/Pods-KiwiSlangWidget.release.xcconfig"; sourceTree = "<group>"; };
		9325A1262C38F232DF31BAE7 /* Pods_KiwiSlangWidget.framework */ = {isa = PBXFileReference; explicitFileType = wrapper.framework; includeInIndex = 0; path = Pods_KiwiSlangWidget.framework; sourceTree = BUILT_PRODUCTS_DIR; };
		99F21EE411FE5335685929DE /* Pods-kiwiSlangApp.release.xcconfig */ = {isa = PBXFileReference; includeInIndex = 1; lastKnownFileType = text.xcconfig; name = "Pods-kiwiSlangApp.release.xcconfig"; path = "Pods/Target Support Files/Pods-kiwiSlangApp/Pods-kiwiSlangApp.release.xcconfig"; sourceTree = "<group>"; };
		9BED4DE99D03649D3504BD4E /* Pods-kiwiSlangAppUITests.release.xcconfig */ = {isa = PBXFileReference; includeInIndex = 1; lastKnownFileType = text.xcconfig; name = "Pods-kiwiSlangAppUITests.release.xcconfig"; path = "Pods/Target Support Files/Pods-kiwiSlangAppUITests/Pods-kiwiSlangAppUITests.release.xcconfig"; sourceTree = "<group>"; };
		B11FE4A97989E752A2B26C90 /* Pods-kiwiSlangApp.debug.xcconfig */ = {isa = PBXFileReference; includeInIndex = 1; lastKnownFileType = text.xcconfig; name = "Pods-kiwiSlangApp.debug.xcconfig"; path = "Pods/Target Support Files/Pods-kiwiSlangApp/Pods-kiwiSlangApp.debug.xcconfig"; sourceTree = "<group>"; };
		BD09502F210C150A0040D0D8 /* Pods_kiwiSlangApp.framework */ = {isa = PBXFileReference; explicitFileType = wrapper.framework; path = Pods_kiwiSlangApp.framework; sourceTree = BUILT_PRODUCTS_DIR; };
		BD0D99A9210122CB00FBBA2F /* en */ = {isa = PBXFileReference; lastKnownFileType = text.plist.strings; name = en; path = en.lproj/Localizable.strings; sourceTree = "<group>"; };
		BD0D99AC210122EC00FBBA2F /* es-419 */ = {isa = PBXFileReference; lastKnownFileType = text.plist.strings; name = "es-419"; path = "es-419.lproj/LaunchScreen.strings"; sourceTree = "<group>"; };
		BD0D99AD210122EC00FBBA2F /* es-419 */ = {isa = PBXFileReference; lastKnownFileType = text.plist.strings; name = "es-419"; path = "es-419.lproj/Localizable.strings"; sourceTree = "<group>"; };
		BD0D99AF2101357B00FBBA2F /* AppCoordinatorProtocol.swift */ = {isa = PBXFileReference; lastKnownFileType = sourcecode.swift; path = AppCoordinatorProtocol.swift; sourceTree = "<group>"; };
		BD0D99B2210135B300FBBA2F /* AppCoordinator.swift */ = {isa = PBXFileReference; lastKnownFileType = sourcecode.swift; path = AppCoordinator.swift; sourceTree = "<group>"; };
		BD0D99B42101366700FBBA2F /* SlangViewerViewController.swift */ = {isa = PBXFileReference; lastKnownFileType = sourcecode.swift; path = SlangViewerViewController.swift; sourceTree = "<group>"; };
		BD0D99B52101366700FBBA2F /* SlangViewerViewController.xib */ = {isa = PBXFileReference; lastKnownFileType = file.xib; path = SlangViewerViewController.xib; sourceTree = "<group>"; };
		BD0D99BA2101372500FBBA2F /* Constants.swift */ = {isa = PBXFileReference; lastKnownFileType = sourcecode.swift; path = Constants.swift; sourceTree = "<group>"; };
		BD0D99BC2101372B00FBBA2F /* Colors.swift */ = {isa = PBXFileReference; lastKnownFileType = sourcecode.swift; path = Colors.swift; sourceTree = "<group>"; };
		BD0D99BF2101385D00FBBA2F /* UIViewExtension.swift */ = {isa = PBXFileReference; lastKnownFileType = sourcecode.swift; path = UIViewExtension.swift; sourceTree = "<group>"; };
		BD0D99C121013A5800FBBA2F /* DetailViewController.swift */ = {isa = PBXFileReference; lastKnownFileType = sourcecode.swift; path = DetailViewController.swift; sourceTree = "<group>"; };
		BD0D99C221013A5800FBBA2F /* DetailViewController.xib */ = {isa = PBXFileReference; lastKnownFileType = file.xib; path = DetailViewController.xib; sourceTree = "<group>"; };
		BD0D99C72101443300FBBA2F /* SlangViewModel.swift */ = {isa = PBXFileReference; lastKnownFileType = sourcecode.swift; path = SlangViewModel.swift; sourceTree = "<group>"; };
		BD0D99C9210144A200FBBA2F /* SlangWordProtocol.swift */ = {isa = PBXFileReference; lastKnownFileType = sourcecode.swift; path = SlangWordProtocol.swift; sourceTree = "<group>"; };
		BD0D99CB210145D800FBBA2F /* MainViewController.swift */ = {isa = PBXFileReference; lastKnownFileType = sourcecode.swift; path = MainViewController.swift; sourceTree = "<group>"; };
		BD0D99CD2101461B00FBBA2F /* MainViewControllerProtocol.swift */ = {isa = PBXFileReference; lastKnownFileType = sourcecode.swift; path = MainViewControllerProtocol.swift; sourceTree = "<group>"; };
		BD0D9A1421014E5C00FBBA2F /* PersitanceManager.swift */ = {isa = PBXFileReference; lastKnownFileType = sourcecode.swift; path = PersitanceManager.swift; sourceTree = "<group>"; };
		BD19107C21014FEB00837158 /* nzSlang.plist */ = {isa = PBXFileReference; lastKnownFileType = text.plist.xml; path = nzSlang.plist; sourceTree = "<group>"; };
		BD19107F210156AD00837158 /* CountryFactory.swift */ = {isa = PBXFileReference; lastKnownFileType = sourcecode.swift; path = CountryFactory.swift; sourceTree = "<group>"; };
		BD191081210158B600837158 /* WordParser.swift */ = {isa = PBXFileReference; lastKnownFileType = sourcecode.swift; path = WordParser.swift; sourceTree = "<group>"; };
		BD222B4821044A7C0038699C /* Country.swift */ = {isa = PBXFileReference; lastKnownFileType = sourcecode.swift; path = Country.swift; sourceTree = "<group>"; };
		BD222B4A21044AF70038699C /* SlangWord.swift */ = {isa = PBXFileReference; lastKnownFileType = sourcecode.swift; path = SlangWord.swift; sourceTree = "<group>"; };
		BD259B7C2105364500C7D0DE /* Images.swift */ = {isa = PBXFileReference; fileEncoding = 4; lastKnownFileType = sourcecode.swift; path = Images.swift; sourceTree = "<group>"; };
		BD259B7D2105364500C7D0DE /* Localized.swift */ = {isa = PBXFileReference; fileEncoding = 4; lastKnownFileType = sourcecode.swift; path = Localized.swift; sourceTree = "<group>"; };
		BD259B8621056E1700C7D0DE /* SnapshotHelper.swift */ = {isa = PBXFileReference; fileEncoding = 4; lastKnownFileType = sourcecode.swift; name = SnapshotHelper.swift; path = fastlane/SnapshotHelper.swift; sourceTree = SOURCE_ROOT; };
		BD58AC70210C06C100185FF3 /* Pods_kiwiSlangApp.framework */ = {isa = PBXFileReference; explicitFileType = wrapper.framework; path = Pods_kiwiSlangApp.framework; sourceTree = BUILT_PRODUCTS_DIR; };
		BD58AC74210C08DB00185FF3 /* kiwiSlangApp.entitlements */ = {isa = PBXFileReference; lastKnownFileType = text.plist.entitlements; path = kiwiSlangApp.entitlements; sourceTree = "<group>"; };
		BD58AC75210C090600185FF3 /* KiwiSlangWidget.entitlements */ = {isa = PBXFileReference; lastKnownFileType = text.plist.entitlements; path = KiwiSlangWidget.entitlements; sourceTree = "<group>"; };
		BD58AC7D210C0FEB00185FF3 /* Pods_kiwiSlangApp.framework */ = {isa = PBXFileReference; explicitFileType = wrapper.framework; path = Pods_kiwiSlangApp.framework; sourceTree = BUILT_PRODUCTS_DIR; };
		BD6D4F42211D280A00D6220C /* GoogleService-Info.plist */ = {isa = PBXFileReference; fileEncoding = 4; lastKnownFileType = text.plist.xml; path = "GoogleService-Info.plist"; sourceTree = "<group>"; };
		BD6D4F47211D3B5100D6220C /* UIViewControllerExtension.swift */ = {isa = PBXFileReference; lastKnownFileType = sourcecode.swift; path = UIViewControllerExtension.swift; sourceTree = "<group>"; };
		BD7B3D6C210D620000D0FCE0 /* en */ = {isa = PBXFileReference; lastKnownFileType = text.plist.strings; name = en; path = en.lproj/MainInterface.strings; sourceTree = "<group>"; };
		BD7B3D6E210D622C00D0FCE0 /* es-419 */ = {isa = PBXFileReference; lastKnownFileType = text.plist.strings; name = "es-419"; path = "es-419.lproj/MainInterface.strings"; sourceTree = "<group>"; };
		BD80718121045B63008BE4B1 /* CardView.xib */ = {isa = PBXFileReference; lastKnownFileType = file.xib; path = CardView.xib; sourceTree = "<group>"; };
		BD80718321045C10008BE4B1 /* CardView.swift */ = {isa = PBXFileReference; lastKnownFileType = sourcecode.swift; path = CardView.swift; sourceTree = "<group>"; };
		BD96BF9821011DF500A354FC /* kiwiSlangApp.app */ = {isa = PBXFileReference; explicitFileType = wrapper.application; includeInIndex = 0; path = kiwiSlangApp.app; sourceTree = BUILT_PRODUCTS_DIR; };
		BD96BF9B21011DF500A354FC /* AppDelegate.swift */ = {isa = PBXFileReference; lastKnownFileType = sourcecode.swift; path = AppDelegate.swift; sourceTree = "<group>"; };
		BD96BFA521011DF800A354FC /* Assets.xcassets */ = {isa = PBXFileReference; lastKnownFileType = folder.assetcatalog; path = Assets.xcassets; sourceTree = "<group>"; };
		BD96BFA821011DF800A354FC /* Base */ = {isa = PBXFileReference; lastKnownFileType = file.storyboard; name = Base; path = Base.lproj/LaunchScreen.storyboard; sourceTree = "<group>"; };
		BD96BFAA21011DF800A354FC /* Info.plist */ = {isa = PBXFileReference; lastKnownFileType = text.plist.xml; path = Info.plist; sourceTree = "<group>"; };
		BD96BFAF21011DF800A354FC /* kiwiSlangAppTests.xctest */ = {isa = PBXFileReference; explicitFileType = wrapper.cfbundle; includeInIndex = 0; path = kiwiSlangAppTests.xctest; sourceTree = BUILT_PRODUCTS_DIR; };
		BD96BFB321011DF800A354FC /* kiwiSlangAppTests.swift */ = {isa = PBXFileReference; lastKnownFileType = sourcecode.swift; path = kiwiSlangAppTests.swift; sourceTree = "<group>"; };
		BD96BFB521011DF800A354FC /* Info.plist */ = {isa = PBXFileReference; lastKnownFileType = text.plist.xml; path = Info.plist; sourceTree = "<group>"; };
		BD96BFBA21011DF800A354FC /* kiwiSlangAppUITests.xctest */ = {isa = PBXFileReference; explicitFileType = wrapper.cfbundle; includeInIndex = 0; path = kiwiSlangAppUITests.xctest; sourceTree = BUILT_PRODUCTS_DIR; };
		BD96BFBE21011DF800A354FC /* kiwiSlangAppUITests.swift */ = {isa = PBXFileReference; lastKnownFileType = sourcecode.swift; path = kiwiSlangAppUITests.swift; sourceTree = "<group>"; };
		BD96BFC021011DF800A354FC /* Info.plist */ = {isa = PBXFileReference; lastKnownFileType = text.plist.xml; path = Info.plist; sourceTree = "<group>"; };
		BDEB29EE2104D6BF006874BA /* CollectionExtension.swift */ = {isa = PBXFileReference; lastKnownFileType = sourcecode.swift; path = CollectionExtension.swift; sourceTree = "<group>"; };
		BDFAA242210C006C003D929C /* KiwiSlangWidget.appex */ = {isa = PBXFileReference; explicitFileType = "wrapper.app-extension"; includeInIndex = 0; path = KiwiSlangWidget.appex; sourceTree = BUILT_PRODUCTS_DIR; };
		BDFAA243210C006D003D929C /* NotificationCenter.framework */ = {isa = PBXFileReference; lastKnownFileType = wrapper.framework; name = NotificationCenter.framework; path = System/Library/Frameworks/NotificationCenter.framework; sourceTree = SDKROOT; };
		BDFAA246210C006D003D929C /* TodayViewController.swift */ = {isa = PBXFileReference; lastKnownFileType = sourcecode.swift; path = TodayViewController.swift; sourceTree = "<group>"; };
		BDFAA249210C006D003D929C /* Base */ = {isa = PBXFileReference; lastKnownFileType = file.storyboard; name = Base; path = Base.lproj/MainInterface.storyboard; sourceTree = "<group>"; };
		BDFAA24B210C006D003D929C /* Info.plist */ = {isa = PBXFileReference; lastKnownFileType = text.plist.xml; path = Info.plist; sourceTree = "<group>"; };
		BF4AEC51A3BC3BA69D8338E7 /* Pods-kiwiSlangAppUITests.debug.xcconfig */ = {isa = PBXFileReference; includeInIndex = 1; lastKnownFileType = text.xcconfig; name = "Pods-kiwiSlangAppUITests.debug.xcconfig"; path = "Pods/Target Support Files/Pods-kiwiSlangAppUITests/Pods-kiwiSlangAppUITests.debug.xcconfig"; sourceTree = "<group>"; };
		C67050A55078D1738C3EE80A /* Pods-kiwiSlangAppTests.release.xcconfig */ = {isa = PBXFileReference; includeInIndex = 1; lastKnownFileType = text.xcconfig; name = "Pods-kiwiSlangAppTests.release.xcconfig"; path = "Pods/Target Support Files/Pods-kiwiSlangAppTests/Pods-kiwiSlangAppTests.release.xcconfig"; sourceTree = "<group>"; };
		C894BE0003F8B499BD26809F /* Pods-kiwiSlangApp.staging.xcconfig */ = {isa = PBXFileReference; includeInIndex = 1; lastKnownFileType = text.xcconfig; name = "Pods-kiwiSlangApp.staging.xcconfig"; path = "Pods/Target Support Files/Pods-kiwiSlangApp/Pods-kiwiSlangApp.staging.xcconfig"; sourceTree = "<group>"; };
		C9EB978BBE168478F0F062CE /* Pods_kiwiSlangApp.framework */ = {isa = PBXFileReference; explicitFileType = wrapper.framework; includeInIndex = 0; path = Pods_kiwiSlangApp.framework; sourceTree = BUILT_PRODUCTS_DIR; };
		DD41E72FD89D11F3B720906E /* Pods_kiwiSlangAppUITests.framework */ = {isa = PBXFileReference; explicitFileType = wrapper.framework; includeInIndex = 0; path = Pods_kiwiSlangAppUITests.framework; sourceTree = BUILT_PRODUCTS_DIR; };
		E12F5BEEA21214B1874FE856 /* Pods-kiwiSlangAppTests.debug.xcconfig */ = {isa = PBXFileReference; includeInIndex = 1; lastKnownFileType = text.xcconfig; name = "Pods-kiwiSlangAppTests.debug.xcconfig"; path = "Pods/Target Support Files/Pods-kiwiSlangAppTests/Pods-kiwiSlangAppTests.debug.xcconfig"; sourceTree = "<group>"; };
/* End PBXFileReference section */

/* Begin PBXFrameworksBuildPhase section */
		BD96BF9521011DF500A354FC /* Frameworks */ = {
			isa = PBXFrameworksBuildPhase;
			buildActionMask = 2147483647;
			files = (
				C82C278D8DB38C3A01E26F05 /* Pods_kiwiSlangApp.framework in Frameworks */,
				563B1A4981DEF019239EA412 /* Pods_kiwiSlangApp.framework in Frameworks */,
			);
			runOnlyForDeploymentPostprocessing = 0;
		};
		BD96BFAC21011DF800A354FC /* Frameworks */ = {
			isa = PBXFrameworksBuildPhase;
			buildActionMask = 2147483647;
			files = (
				D0F91420286CF16E80ACE551 /* Pods_kiwiSlangAppTests.framework in Frameworks */,
			);
			runOnlyForDeploymentPostprocessing = 0;
		};
		BD96BFB721011DF800A354FC /* Frameworks */ = {
			isa = PBXFrameworksBuildPhase;
			buildActionMask = 2147483647;
			files = (
				9D5F12296CA28C78F835E989 /* Pods_kiwiSlangAppUITests.framework in Frameworks */,
			);
			runOnlyForDeploymentPostprocessing = 0;
		};
		BDFAA23F210C006C003D929C /* Frameworks */ = {
			isa = PBXFrameworksBuildPhase;
			buildActionMask = 2147483647;
			files = (
				BDFAA244210C006D003D929C /* NotificationCenter.framework in Frameworks */,
				0A4D97DD1CA502AE71667C61 /* Pods_KiwiSlangWidget.framework in Frameworks */,
			);
			runOnlyForDeploymentPostprocessing = 0;
		};
/* End PBXFrameworksBuildPhase section */

/* Begin PBXGroup section */
		6A23FD01D9909BC96882C65D /* Frameworks */ = {
			isa = PBXGroup;
			children = (
				BD09502F210C150A0040D0D8 /* Pods_kiwiSlangApp.framework */,
				BD58AC7D210C0FEB00185FF3 /* Pods_kiwiSlangApp.framework */,
				BD58AC70210C06C100185FF3 /* Pods_kiwiSlangApp.framework */,
				C9EB978BBE168478F0F062CE /* Pods_kiwiSlangApp.framework */,
				BDFAA243210C006D003D929C /* NotificationCenter.framework */,
				9325A1262C38F232DF31BAE7 /* Pods_KiwiSlangWidget.framework */,
				011E9BBE5669CC31DBD75D0F /* Pods_kiwiSlangAppTests.framework */,
				DD41E72FD89D11F3B720906E /* Pods_kiwiSlangAppUITests.framework */,
			);
			name = Frameworks;
			sourceTree = "<group>";
		};
		BD0D999E2101205800FBBA2F /* Resources */ = {
			isa = PBXGroup;
			children = (
				BD259B8621056E1700C7D0DE /* SnapshotHelper.swift */,
				BD259B7C2105364500C7D0DE /* Images.swift */,
				BD259B7D2105364500C7D0DE /* Localized.swift */,
				BD19107C21014FEB00837158 /* nzSlang.plist */,
			);
			path = Resources;
			sourceTree = "<group>";
		};
		BD0D99AE2101356500FBBA2F /* Protocols */ = {
			isa = PBXGroup;
			children = (
				BD0D99AF2101357B00FBBA2F /* AppCoordinatorProtocol.swift */,
				BD0D99C9210144A200FBBA2F /* SlangWordProtocol.swift */,
				BD0D99CD2101461B00FBBA2F /* MainViewControllerProtocol.swift */,
			);
			path = Protocols;
			sourceTree = "<group>";
		};
		BD0D99B1210135A400FBBA2F /* ViewControllers */ = {
			isa = PBXGroup;
			children = (
				BD0D99CB210145D800FBBA2F /* MainViewController.swift */,
				BD0D99B42101366700FBBA2F /* SlangViewerViewController.swift */,
				BD0D99B52101366700FBBA2F /* SlangViewerViewController.xib */,
				BD0D99C121013A5800FBBA2F /* DetailViewController.swift */,
				BD0D99C221013A5800FBBA2F /* DetailViewController.xib */,
			);
			path = ViewControllers;
			sourceTree = "<group>";
		};
		BD0D99B8210136BD00FBBA2F /* Coordinators */ = {
			isa = PBXGroup;
			children = (
				BD0D99B2210135B300FBBA2F /* AppCoordinator.swift */,
				BD0D9A1421014E5C00FBBA2F /* PersitanceManager.swift */,
			);
			path = Coordinators;
			sourceTree = "<group>";
		};
		BD0D99B92101370200FBBA2F /* Constants */ = {
			isa = PBXGroup;
			children = (
				BD0D99BA2101372500FBBA2F /* Constants.swift */,
				BD0D99BC2101372B00FBBA2F /* Colors.swift */,
			);
			path = Constants;
			sourceTree = "<group>";
		};
		BD0D99BE2101383B00FBBA2F /* Extension */ = {
			isa = PBXGroup;
			children = (
				BD0D99BF2101385D00FBBA2F /* UIViewExtension.swift */,
				BD6D4F47211D3B5100D6220C /* UIViewControllerExtension.swift */,
				BDEB29EE2104D6BF006874BA /* CollectionExtension.swift */,
			);
			path = Extension;
			sourceTree = "<group>";
		};
		BD0D99C521013F5E00FBBA2F /* Views */ = {
			isa = PBXGroup;
			children = (
				BD80718321045C10008BE4B1 /* CardView.swift */,
				BD80718121045B63008BE4B1 /* CardView.xib */,
			);
			path = Views;
			sourceTree = "<group>";
		};
		BD0D99C62101442000FBBA2F /* ViewModels */ = {
			isa = PBXGroup;
			children = (
				BD0D99C72101443300FBBA2F /* SlangViewModel.swift */,
			);
			path = ViewModels;
			sourceTree = "<group>";
		};
		BD0D99CF210146B000FBBA2F /* Model */ = {
			isa = PBXGroup;
			children = (
				BD191081210158B600837158 /* WordParser.swift */,
				BD19107E2101567100837158 /* Country */,
				BD222B4A21044AF70038699C /* SlangWord.swift */,
			);
			path = Model;
			sourceTree = "<group>";
		};
		BD19107E2101567100837158 /* Country */ = {
			isa = PBXGroup;
			children = (
				BD19107F210156AD00837158 /* CountryFactory.swift */,
				BD222B4821044A7C0038699C /* Country.swift */,
			);
			path = Country;
			sourceTree = "<group>";
		};
		BD96BF8F21011DF500A354FC = {
			isa = PBXGroup;
			children = (
				BD96BF9A21011DF500A354FC /* kiwiSlangApp */,
				BD96BFB221011DF800A354FC /* kiwiSlangAppTests */,
				BD96BFBD21011DF800A354FC /* kiwiSlangAppUITests */,
				BDFAA245210C006D003D929C /* KiwiSlangWidget */,
				BD96BF9921011DF500A354FC /* Products */,
				DC81F11C27A35866A480F885 /* Pods */,
				6A23FD01D9909BC96882C65D /* Frameworks */,
			);
			sourceTree = "<group>";
		};
		BD96BF9921011DF500A354FC /* Products */ = {
			isa = PBXGroup;
			children = (
				BD96BF9821011DF500A354FC /* kiwiSlangApp.app */,
				BD96BFAF21011DF800A354FC /* kiwiSlangAppTests.xctest */,
				BD96BFBA21011DF800A354FC /* kiwiSlangAppUITests.xctest */,
				BDFAA242210C006C003D929C /* KiwiSlangWidget.appex */,
			);
			name = Products;
			sourceTree = "<group>";
		};
		BD96BF9A21011DF500A354FC /* kiwiSlangApp */ = {
			isa = PBXGroup;
			children = (
				BD58AC74210C08DB00185FF3 /* kiwiSlangApp.entitlements */,
				BD96BF9B21011DF500A354FC /* AppDelegate.swift */,
				BD0D99B8210136BD00FBBA2F /* Coordinators */,
				BD0D99C62101442000FBBA2F /* ViewModels */,
				BD0D99B1210135A400FBBA2F /* ViewControllers */,
				BD0D99CF210146B000FBBA2F /* Model */,
				BD0D99C521013F5E00FBBA2F /* Views */,
				BD0D99AE2101356500FBBA2F /* Protocols */,
				BD0D99BE2101383B00FBBA2F /* Extension */,
				BD0D99B92101370200FBBA2F /* Constants */,
				BD96BFA521011DF800A354FC /* Assets.xcassets */,
				BD96BFA721011DF800A354FC /* LaunchScreen.storyboard */,
				BD96BFAA21011DF800A354FC /* Info.plist */,
				BD6D4F42211D280A00D6220C /* GoogleService-Info.plist */,
				BD0D999E2101205800FBBA2F /* Resources */,
				BD0D99AA210122CB00FBBA2F /* Localizable.strings */,
			);
			path = kiwiSlangApp;
			sourceTree = "<group>";
		};
		BD96BFB221011DF800A354FC /* kiwiSlangAppTests */ = {
			isa = PBXGroup;
			children = (
				BD96BFB321011DF800A354FC /* kiwiSlangAppTests.swift */,
				BD96BFB521011DF800A354FC /* Info.plist */,
			);
			path = kiwiSlangAppTests;
			sourceTree = "<group>";
		};
		BD96BFBD21011DF800A354FC /* kiwiSlangAppUITests */ = {
			isa = PBXGroup;
			children = (
				BD96BFBE21011DF800A354FC /* kiwiSlangAppUITests.swift */,
				BD96BFC021011DF800A354FC /* Info.plist */,
			);
			path = kiwiSlangAppUITests;
			sourceTree = "<group>";
		};
		BDFAA245210C006D003D929C /* KiwiSlangWidget */ = {
			isa = PBXGroup;
			children = (
				BD58AC75210C090600185FF3 /* KiwiSlangWidget.entitlements */,
				BDFAA246210C006D003D929C /* TodayViewController.swift */,
				BDFAA248210C006D003D929C /* MainInterface.storyboard */,
				BDFAA24B210C006D003D929C /* Info.plist */,
			);
			path = KiwiSlangWidget;
			sourceTree = "<group>";
		};
		DC81F11C27A35866A480F885 /* Pods */ = {
			isa = PBXGroup;
			children = (
				B11FE4A97989E752A2B26C90 /* Pods-kiwiSlangApp.debug.xcconfig */,
				99F21EE411FE5335685929DE /* Pods-kiwiSlangApp.release.xcconfig */,
				E12F5BEEA21214B1874FE856 /* Pods-kiwiSlangAppTests.debug.xcconfig */,
				C67050A55078D1738C3EE80A /* Pods-kiwiSlangAppTests.release.xcconfig */,
				BF4AEC51A3BC3BA69D8338E7 /* Pods-kiwiSlangAppUITests.debug.xcconfig */,
				9BED4DE99D03649D3504BD4E /* Pods-kiwiSlangAppUITests.release.xcconfig */,
				C894BE0003F8B499BD26809F /* Pods-kiwiSlangApp.staging.xcconfig */,
				13F66C6F30300D43A2CE82B0 /* Pods-kiwiSlangAppTests.staging.xcconfig */,
				141DF031864DDC8413FB884D /* Pods-kiwiSlangAppUITests.staging.xcconfig */,
				1A1D3484A5EBB1A03DF07557 /* Pods-KiwiSlangWidget.debug.xcconfig */,
				6041E7029AA9F967E41696A9 /* Pods-KiwiSlangWidget.release.xcconfig */,
				4B8FC6037EE9C0747E9C1E25 /* Pods-KiwiSlangWidget.staging.xcconfig */,
			);
			name = Pods;
			sourceTree = "<group>";
		};
/* End PBXGroup section */

/* Begin PBXNativeTarget section */
		BD96BF9721011DF500A354FC /* kiwiSlangApp */ = {
			isa = PBXNativeTarget;
			buildConfigurationList = BD96BFC321011DF800A354FC /* Build configuration list for PBXNativeTarget "kiwiSlangApp" */;
			buildPhases = (
				675AA79AF4DB65E86216E56F /* [CP] Check Pods Manifest.lock */,
				BD0D999D2101202500FBBA2F /* SwiftLint */,
				BD0D999F2101206600FBBA2F /* SwiftGen */,
				BD96BF9421011DF500A354FC /* Sources */,
				BD96BF9521011DF500A354FC /* Frameworks */,
				BD0D99A02101209400FBBA2F /* TODO-FIXME */,
				BD96BF9621011DF500A354FC /* Resources */,
				BD0D99A1210120B700FBBA2F /* Fabric */,
				C4E60844EABDE77E8A8C56A7 /* [CP] Embed Pods Frameworks */,
				BDFAA253210C006D003D929C /* Embed App Extensions */,
				29A1AEEF05A24362C149E0E8 /* [CP] Copy Pods Resources */,
			);
			buildRules = (
			);
			dependencies = (
				BDFAA24D210C006D003D929C /* PBXTargetDependency */,
			);
			name = kiwiSlangApp;
			productName = kiwiSlangApp;
			productReference = BD96BF9821011DF500A354FC /* kiwiSlangApp.app */;
			productType = "com.apple.product-type.application";
		};
		BD96BFAE21011DF800A354FC /* kiwiSlangAppTests */ = {
			isa = PBXNativeTarget;
			buildConfigurationList = BD96BFC621011DF800A354FC /* Build configuration list for PBXNativeTarget "kiwiSlangAppTests" */;
			buildPhases = (
				021181D922BF41382970D644 /* [CP] Check Pods Manifest.lock */,
				BD96BFAB21011DF800A354FC /* Sources */,
				BD96BFAC21011DF800A354FC /* Frameworks */,
				BD96BFAD21011DF800A354FC /* Resources */,
				9C4F2E9CDDA0078B97BA0C51 /* [CP] Embed Pods Frameworks */,
				9E950ED6ED754FD4DFE59CE0 /* [CP] Copy Pods Resources */,
			);
			buildRules = (
			);
			dependencies = (
				BD96BFB121011DF800A354FC /* PBXTargetDependency */,
			);
			name = kiwiSlangAppTests;
			productName = kiwiSlangAppTests;
			productReference = BD96BFAF21011DF800A354FC /* kiwiSlangAppTests.xctest */;
			productType = "com.apple.product-type.bundle.unit-test";
		};
		BD96BFB921011DF800A354FC /* kiwiSlangAppUITests */ = {
			isa = PBXNativeTarget;
			buildConfigurationList = BD96BFC921011DF800A354FC /* Build configuration list for PBXNativeTarget "kiwiSlangAppUITests" */;
			buildPhases = (
				5C18C4F49DD1D88F9D1C68A8 /* [CP] Check Pods Manifest.lock */,
				BD96BFB621011DF800A354FC /* Sources */,
				BD96BFB721011DF800A354FC /* Frameworks */,
				BD96BFB821011DF800A354FC /* Resources */,
				0752738C140E5C597B1E42A2 /* [CP] Embed Pods Frameworks */,
				0664BB1F233F5C0F56099A36 /* [CP] Copy Pods Resources */,
			);
			buildRules = (
			);
			dependencies = (
				BD96BFBC21011DF800A354FC /* PBXTargetDependency */,
			);
			name = kiwiSlangAppUITests;
			productName = kiwiSlangAppUITests;
			productReference = BD96BFBA21011DF800A354FC /* kiwiSlangAppUITests.xctest */;
			productType = "com.apple.product-type.bundle.ui-testing";
		};
		BDFAA241210C006C003D929C /* KiwiSlangWidget */ = {
			isa = PBXNativeTarget;
			buildConfigurationList = BDFAA252210C006D003D929C /* Build configuration list for PBXNativeTarget "KiwiSlangWidget" */;
			buildPhases = (
				F2EC7D21C597E71A55CE2B30 /* [CP] Check Pods Manifest.lock */,
				BDFAA23E210C006C003D929C /* Sources */,
				BDFAA23F210C006C003D929C /* Frameworks */,
				BDFAA240210C006C003D929C /* Resources */,
				59D9A1AD93C1E8C226149192 /* [CP] Copy Pods Resources */,
			);
			buildRules = (
			);
			dependencies = (
			);
			name = KiwiSlangWidget;
			productName = KiwiSlangWidget;
			productReference = BDFAA242210C006C003D929C /* KiwiSlangWidget.appex */;
			productType = "com.apple.product-type.app-extension";
		};
/* End PBXNativeTarget section */

/* Begin PBXProject section */
		BD96BF9021011DF500A354FC /* Project object */ = {
			isa = PBXProject;
			attributes = {
				LastSwiftUpdateCheck = 0940;
				LastUpgradeCheck = 0940;
				ORGANIZATIONNAME = sheinix;
				TargetAttributes = {
					BD96BF9721011DF500A354FC = {
						CreatedOnToolsVersion = 9.4.1;
						SystemCapabilities = {
							com.apple.ApplicationGroups.iOS = {
								enabled = 1;
							};
						};
					};
					BD96BFAE21011DF800A354FC = {
						CreatedOnToolsVersion = 9.4.1;
						TestTargetID = BD96BF9721011DF500A354FC;
					};
					BD96BFB921011DF800A354FC = {
						CreatedOnToolsVersion = 9.4.1;
						TestTargetID = BD96BF9721011DF500A354FC;
					};
					BDFAA241210C006C003D929C = {
						CreatedOnToolsVersion = 9.4.1;
						SystemCapabilities = {
							com.apple.ApplicationGroups.iOS = {
								enabled = 1;
							};
						};
					};
				};
			};
			buildConfigurationList = BD96BF9321011DF500A354FC /* Build configuration list for PBXProject "kiwiSlangApp" */;
			compatibilityVersion = "Xcode 9.3";
			developmentRegion = en;
			hasScannedForEncodings = 0;
			knownRegions = (
				en,
				Base,
				"es-419",
			);
			mainGroup = BD96BF8F21011DF500A354FC;
			productRefGroup = BD96BF9921011DF500A354FC /* Products */;
			projectDirPath = "";
			projectRoot = "";
			targets = (
				BD96BF9721011DF500A354FC /* kiwiSlangApp */,
				BD96BFAE21011DF800A354FC /* kiwiSlangAppTests */,
				BD96BFB921011DF800A354FC /* kiwiSlangAppUITests */,
				BDFAA241210C006C003D929C /* KiwiSlangWidget */,
			);
		};
/* End PBXProject section */

/* Begin PBXResourcesBuildPhase section */
		BD96BF9621011DF500A354FC /* Resources */ = {
			isa = PBXResourcesBuildPhase;
			buildActionMask = 2147483647;
			files = (
				BD0D99B72101366700FBBA2F /* SlangViewerViewController.xib in Resources */,
				BD6D4F43211D280A00D6220C /* GoogleService-Info.plist in Resources */,
				BD96BFA921011DF800A354FC /* LaunchScreen.storyboard in Resources */,
				BD19107D21014FEB00837158 /* nzSlang.plist in Resources */,
				BD80718221045B63008BE4B1 /* CardView.xib in Resources */,
				BD0D99C421013A5800FBBA2F /* DetailViewController.xib in Resources */,
				BD0D99A8210122CB00FBBA2F /* Localizable.strings in Resources */,
				BD96BFA621011DF800A354FC /* Assets.xcassets in Resources */,
			);
			runOnlyForDeploymentPostprocessing = 0;
		};
		BD96BFAD21011DF800A354FC /* Resources */ = {
			isa = PBXResourcesBuildPhase;
			buildActionMask = 2147483647;
			files = (
				BD80717221045A1F008BE4B1 /* SlangViewerViewController.xib in Resources */,
				BD80717021045A1A008BE4B1 /* DetailViewController.xib in Resources */,
				BD80718721045CEC008BE4B1 /* CardView.xib in Resources */,
				BD80717F21045A48008BE4B1 /* nzSlang.plist in Resources */,
				BD259B84210565B400C7D0DE /* Assets.xcassets in Resources */,
			);
			runOnlyForDeploymentPostprocessing = 0;
		};
		BD96BFB821011DF800A354FC /* Resources */ = {
			isa = PBXResourcesBuildPhase;
			buildActionMask = 2147483647;
			files = (
				BD80717421045A22008BE4B1 /* SlangViewerViewController.xib in Resources */,
				BD80717121045A1B008BE4B1 /* DetailViewController.xib in Resources */,
				BD80718821045CED008BE4B1 /* CardView.xib in Resources */,
				BD80718021045A49008BE4B1 /* nzSlang.plist in Resources */,
				BD259B85210565B500C7D0DE /* Assets.xcassets in Resources */,
			);
			runOnlyForDeploymentPostprocessing = 0;
		};
		BDFAA240210C006C003D929C /* Resources */ = {
			isa = PBXResourcesBuildPhase;
			buildActionMask = 2147483647;
			files = (
				BDFAA24A210C006D003D929C /* MainInterface.storyboard in Resources */,
				BD7B3D70210D716500D0FCE0 /* Localizable.strings in Resources */,
			);
			runOnlyForDeploymentPostprocessing = 0;
		};
/* End PBXResourcesBuildPhase section */

/* Begin PBXShellScriptBuildPhase section */
		021181D922BF41382970D644 /* [CP] Check Pods Manifest.lock */ = {
			isa = PBXShellScriptBuildPhase;
			buildActionMask = 2147483647;
			files = (
			);
			inputPaths = (
				"${PODS_PODFILE_DIR_PATH}/Podfile.lock",
				"${PODS_ROOT}/Manifest.lock",
			);
			name = "[CP] Check Pods Manifest.lock";
			outputPaths = (
				"$(DERIVED_FILE_DIR)/Pods-kiwiSlangAppTests-checkManifestLockResult.txt",
			);
			runOnlyForDeploymentPostprocessing = 0;
			shellPath = /bin/sh;
			shellScript = "diff \"${PODS_PODFILE_DIR_PATH}/Podfile.lock\" \"${PODS_ROOT}/Manifest.lock\" > /dev/null\nif [ $? != 0 ] ; then\n    # print error to STDERR\n    echo \"error: The sandbox is not in sync with the Podfile.lock. Run 'pod install' or update your CocoaPods installation.\" >&2\n    exit 1\nfi\n# This output is used by Xcode 'outputs' to avoid re-running this script phase.\necho \"SUCCESS\" > \"${SCRIPT_OUTPUT_FILE_0}\"\n";
			showEnvVarsInLog = 0;
		};
		0664BB1F233F5C0F56099A36 /* [CP] Copy Pods Resources */ = {
			isa = PBXShellScriptBuildPhase;
			buildActionMask = 2147483647;
			files = (
			);
			inputPaths = (
			);
			name = "[CP] Copy Pods Resources";
			outputPaths = (
			);
			runOnlyForDeploymentPostprocessing = 0;
			shellPath = /bin/sh;
			shellScript = "\"${SRCROOT}/Pods/Target Support Files/Pods-kiwiSlangAppUITests/Pods-kiwiSlangAppUITests-resources.sh\"\n";
			showEnvVarsInLog = 0;
		};
		0752738C140E5C597B1E42A2 /* [CP] Embed Pods Frameworks */ = {
			isa = PBXShellScriptBuildPhase;
			buildActionMask = 2147483647;
			files = (
			);
			inputPaths = (
				"${SRCROOT}/Pods/Target Support Files/Pods-kiwiSlangAppUITests/Pods-kiwiSlangAppUITests-frameworks.sh",
				"${BUILT_PRODUCTS_DIR}/GoogleUtilities/GoogleUtilities.framework",
				"${BUILT_PRODUCTS_DIR}/nanopb/nanopb.framework",
			);
			name = "[CP] Embed Pods Frameworks";
			outputPaths = (
				"${TARGET_BUILD_DIR}/${FRAMEWORKS_FOLDER_PATH}/GoogleUtilities.framework",
				"${TARGET_BUILD_DIR}/${FRAMEWORKS_FOLDER_PATH}/nanopb.framework",
			);
			runOnlyForDeploymentPostprocessing = 0;
			shellPath = /bin/sh;
			shellScript = "\"${SRCROOT}/Pods/Target Support Files/Pods-kiwiSlangAppUITests/Pods-kiwiSlangAppUITests-frameworks.sh\"\n";
			showEnvVarsInLog = 0;
		};
		29A1AEEF05A24362C149E0E8 /* [CP] Copy Pods Resources */ = {
			isa = PBXShellScriptBuildPhase;
			buildActionMask = 2147483647;
			files = (
			);
			inputPaths = (
			);
			name = "[CP] Copy Pods Resources";
			outputPaths = (
			);
			runOnlyForDeploymentPostprocessing = 0;
			shellPath = /bin/sh;
			shellScript = "\"${SRCROOT}/Pods/Target Support Files/Pods-kiwiSlangApp/Pods-kiwiSlangApp-resources.sh\"\n";
			showEnvVarsInLog = 0;
		};
		59D9A1AD93C1E8C226149192 /* [CP] Copy Pods Resources */ = {
			isa = PBXShellScriptBuildPhase;
			buildActionMask = 2147483647;
			files = (
			);
			inputPaths = (
			);
			name = "[CP] Copy Pods Resources";
			outputPaths = (
			);
			runOnlyForDeploymentPostprocessing = 0;
			shellPath = /bin/sh;
			shellScript = "\"${SRCROOT}/Pods/Target Support Files/Pods-KiwiSlangWidget/Pods-KiwiSlangWidget-resources.sh\"\n";
			showEnvVarsInLog = 0;
		};
		5C18C4F49DD1D88F9D1C68A8 /* [CP] Check Pods Manifest.lock */ = {
			isa = PBXShellScriptBuildPhase;
			buildActionMask = 2147483647;
			files = (
			);
			inputPaths = (
				"${PODS_PODFILE_DIR_PATH}/Podfile.lock",
				"${PODS_ROOT}/Manifest.lock",
			);
			name = "[CP] Check Pods Manifest.lock";
			outputPaths = (
				"$(DERIVED_FILE_DIR)/Pods-kiwiSlangAppUITests-checkManifestLockResult.txt",
			);
			runOnlyForDeploymentPostprocessing = 0;
			shellPath = /bin/sh;
			shellScript = "diff \"${PODS_PODFILE_DIR_PATH}/Podfile.lock\" \"${PODS_ROOT}/Manifest.lock\" > /dev/null\nif [ $? != 0 ] ; then\n    # print error to STDERR\n    echo \"error: The sandbox is not in sync with the Podfile.lock. Run 'pod install' or update your CocoaPods installation.\" >&2\n    exit 1\nfi\n# This output is used by Xcode 'outputs' to avoid re-running this script phase.\necho \"SUCCESS\" > \"${SCRIPT_OUTPUT_FILE_0}\"\n";
			showEnvVarsInLog = 0;
		};
		675AA79AF4DB65E86216E56F /* [CP] Check Pods Manifest.lock */ = {
			isa = PBXShellScriptBuildPhase;
			buildActionMask = 2147483647;
			files = (
			);
			inputPaths = (
				"${PODS_PODFILE_DIR_PATH}/Podfile.lock",
				"${PODS_ROOT}/Manifest.lock",
			);
			name = "[CP] Check Pods Manifest.lock";
			outputPaths = (
				"$(DERIVED_FILE_DIR)/Pods-kiwiSlangApp-checkManifestLockResult.txt",
			);
			runOnlyForDeploymentPostprocessing = 0;
			shellPath = /bin/sh;
			shellScript = "diff \"${PODS_PODFILE_DIR_PATH}/Podfile.lock\" \"${PODS_ROOT}/Manifest.lock\" > /dev/null\nif [ $? != 0 ] ; then\n    # print error to STDERR\n    echo \"error: The sandbox is not in sync with the Podfile.lock. Run 'pod install' or update your CocoaPods installation.\" >&2\n    exit 1\nfi\n# This output is used by Xcode 'outputs' to avoid re-running this script phase.\necho \"SUCCESS\" > \"${SCRIPT_OUTPUT_FILE_0}\"\n";
			showEnvVarsInLog = 0;
		};
		9C4F2E9CDDA0078B97BA0C51 /* [CP] Embed Pods Frameworks */ = {
			isa = PBXShellScriptBuildPhase;
			buildActionMask = 2147483647;
			files = (
			);
			inputPaths = (
			);
			name = "[CP] Embed Pods Frameworks";
			outputPaths = (
			);
			runOnlyForDeploymentPostprocessing = 0;
			shellPath = /bin/sh;
			shellScript = "\"${SRCROOT}/Pods/Target Support Files/Pods-kiwiSlangAppTests/Pods-kiwiSlangAppTests-frameworks.sh\"\n";
			showEnvVarsInLog = 0;
		};
		9E950ED6ED754FD4DFE59CE0 /* [CP] Copy Pods Resources */ = {
			isa = PBXShellScriptBuildPhase;
			buildActionMask = 2147483647;
			files = (
			);
			inputPaths = (
			);
			name = "[CP] Copy Pods Resources";
			outputPaths = (
			);
			runOnlyForDeploymentPostprocessing = 0;
			shellPath = /bin/sh;
			shellScript = "\"${SRCROOT}/Pods/Target Support Files/Pods-kiwiSlangAppTests/Pods-kiwiSlangAppTests-resources.sh\"\n";
			showEnvVarsInLog = 0;
		};
		BD0D999D2101202500FBBA2F /* SwiftLint */ = {
			isa = PBXShellScriptBuildPhase;
			buildActionMask = 2147483647;
			files = (
			);
			inputPaths = (
			);
			name = SwiftLint;
			outputPaths = (
			);
			runOnlyForDeploymentPostprocessing = 0;
			shellPath = /bin/sh;
			shellScript = "if [ \"${CONFIGURATION}\" = \"Debug\" ]; then\n\"${PODS_ROOT}/SwiftLint/swiftlint\"\nfi";
		};
		BD0D999F2101206600FBBA2F /* SwiftGen */ = {
			isa = PBXShellScriptBuildPhase;
			buildActionMask = 2147483647;
			files = (
			);
			inputPaths = (
			);
			name = SwiftGen;
			outputPaths = (
			);
			runOnlyForDeploymentPostprocessing = 0;
			shellPath = /bin/sh;
			shellScript = "$PODS_ROOT/SwiftGen/bin/swiftgen xcassets -t swift4 \"$PROJECT_DIR/kiwiSlangApp/Assets.xcassets\" --output \"$PROJECT_DIR/kiwiSlangApp/Resources/Images.swift\"\n$PODS_ROOT/SwiftGen/bin/swiftgen strings -t structured-swift4 \"$PROJECT_DIR/kiwiSlangApp/en.lproj/Localizable.strings\" --output \"$PROJECT_DIR/kiwiSlangApp/Resources/Localized.swift\"";
		};
		BD0D99A02101209400FBBA2F /* TODO-FIXME */ = {
			isa = PBXShellScriptBuildPhase;
			buildActionMask = 2147483647;
			files = (
			);
			inputPaths = (
			);
			name = "TODO-FIXME";
			outputPaths = (
			);
			runOnlyForDeploymentPostprocessing = 0;
			shellPath = /bin/sh;
			shellScript = "TAGS=\"TO-DO:|FIX-ME:\"\necho \"searching ${SRCROOT} for ${TAGS}\"\nfind \"${SRCROOT}\" \\( -name \"*.swift\" \\) -print0 | xargs -0 egrep --with-filename --line-number --only-matching \"($TAGS).*\\$\" | perl -p -e \"s/($TAGS)/ warning: \\$1/\"";
		};
		BD0D99A1210120B700FBBA2F /* Fabric */ = {
			isa = PBXShellScriptBuildPhase;
			buildActionMask = 2147483647;
			files = (
			);
			inputPaths = (
				"$(BUILT_PRODUCTS_DIR)/$(INFOPLIST_PATH)",
			);
			name = Fabric;
			outputPaths = (
			);
			runOnlyForDeploymentPostprocessing = 0;
			shellPath = /bin/sh;
			shellScript = "\"${PODS_ROOT}/Fabric/run\" 3da4b1e7fa09de00afc3d5beb57ca80233b24383 994ec77ed99fa336872b9daaa2329ddeb7f5f6a938195c4441d6d8959655badd";
		};
		C4E60844EABDE77E8A8C56A7 /* [CP] Embed Pods Frameworks */ = {
			isa = PBXShellScriptBuildPhase;
			buildActionMask = 2147483647;
			files = (
			);
			inputPaths = (
				"${SRCROOT}/Pods/Target Support Files/Pods-kiwiSlangApp/Pods-kiwiSlangApp-frameworks.sh",
				"${BUILT_PRODUCTS_DIR}/AFDateHelper/AFDateHelper.framework",
				"${BUILT_PRODUCTS_DIR}/GoogleUtilities/GoogleUtilities.framework",
				"${BUILT_PRODUCTS_DIR}/Koloda/Koloda.framework",
				"${BUILT_PRODUCTS_DIR}/Realm/Realm.framework",
				"${BUILT_PRODUCTS_DIR}/RealmSwift/RealmSwift.framework",
				"${BUILT_PRODUCTS_DIR}/SnapKit/SnapKit.framework",
				"${BUILT_PRODUCTS_DIR}/nanopb/nanopb.framework",
				"${BUILT_PRODUCTS_DIR}/pop/pop.framework",
			);
			name = "[CP] Embed Pods Frameworks";
			outputPaths = (
				"${TARGET_BUILD_DIR}/${FRAMEWORKS_FOLDER_PATH}/AFDateHelper.framework",
				"${TARGET_BUILD_DIR}/${FRAMEWORKS_FOLDER_PATH}/GoogleUtilities.framework",
				"${TARGET_BUILD_DIR}/${FRAMEWORKS_FOLDER_PATH}/Koloda.framework",
				"${TARGET_BUILD_DIR}/${FRAMEWORKS_FOLDER_PATH}/Realm.framework",
				"${TARGET_BUILD_DIR}/${FRAMEWORKS_FOLDER_PATH}/RealmSwift.framework",
				"${TARGET_BUILD_DIR}/${FRAMEWORKS_FOLDER_PATH}/SnapKit.framework",
				"${TARGET_BUILD_DIR}/${FRAMEWORKS_FOLDER_PATH}/nanopb.framework",
				"${TARGET_BUILD_DIR}/${FRAMEWORKS_FOLDER_PATH}/pop.framework",
			);
			runOnlyForDeploymentPostprocessing = 0;
			shellPath = /bin/sh;
			shellScript = "\"${SRCROOT}/Pods/Target Support Files/Pods-kiwiSlangApp/Pods-kiwiSlangApp-frameworks.sh\"\n";
			showEnvVarsInLog = 0;
		};
		F2EC7D21C597E71A55CE2B30 /* [CP] Check Pods Manifest.lock */ = {
			isa = PBXShellScriptBuildPhase;
			buildActionMask = 2147483647;
			files = (
			);
			inputPaths = (
				"${PODS_PODFILE_DIR_PATH}/Podfile.lock",
				"${PODS_ROOT}/Manifest.lock",
			);
			name = "[CP] Check Pods Manifest.lock";
			outputPaths = (
				"$(DERIVED_FILE_DIR)/Pods-KiwiSlangWidget-checkManifestLockResult.txt",
			);
			runOnlyForDeploymentPostprocessing = 0;
			shellPath = /bin/sh;
			shellScript = "diff \"${PODS_PODFILE_DIR_PATH}/Podfile.lock\" \"${PODS_ROOT}/Manifest.lock\" > /dev/null\nif [ $? != 0 ] ; then\n    # print error to STDERR\n    echo \"error: The sandbox is not in sync with the Podfile.lock. Run 'pod install' or update your CocoaPods installation.\" >&2\n    exit 1\nfi\n# This output is used by Xcode 'outputs' to avoid re-running this script phase.\necho \"SUCCESS\" > \"${SCRIPT_OUTPUT_FILE_0}\"\n";
			showEnvVarsInLog = 0;
		};
/* End PBXShellScriptBuildPhase section */

/* Begin PBXSourcesBuildPhase section */
		BD96BF9421011DF500A354FC /* Sources */ = {
			isa = PBXSourcesBuildPhase;
			buildActionMask = 2147483647;
			files = (
				BD0D99C321013A5800FBBA2F /* DetailViewController.swift in Sources */,
				BD0D99B62101366700FBBA2F /* SlangViewerViewController.swift in Sources */,
				BD0D99CC210145D800FBBA2F /* MainViewController.swift in Sources */,
				BD191080210156AD00837158 /* CountryFactory.swift in Sources */,
				BDEB29EF2104D6BF006874BA /* CollectionExtension.swift in Sources */,
				BD0D9A1521014E5C00FBBA2F /* PersitanceManager.swift in Sources */,
				BD0D99B3210135B300FBBA2F /* AppCoordinator.swift in Sources */,
				BD191082210158B600837158 /* WordParser.swift in Sources */,
				BD222B4921044A7C0038699C /* Country.swift in Sources */,
				BD0D99BD2101372C00FBBA2F /* Colors.swift in Sources */,
				BD222B4B21044AF70038699C /* SlangWord.swift in Sources */,
				BD80718421045C10008BE4B1 /* CardView.swift in Sources */,
				BD0D99B02101357B00FBBA2F /* AppCoordinatorProtocol.swift in Sources */,
				BD96BF9C21011DF500A354FC /* AppDelegate.swift in Sources */,
				BD0D99C02101385D00FBBA2F /* UIViewExtension.swift in Sources */,
				BD0D99C82101443300FBBA2F /* SlangViewModel.swift in Sources */,
				BD0D99CE2101461B00FBBA2F /* MainViewControllerProtocol.swift in Sources */,
				BD259B7E2105364500C7D0DE /* Images.swift in Sources */,
				BD0D99CA210144A200FBBA2F /* SlangWordProtocol.swift in Sources */,
				BD259B812105364500C7D0DE /* Localized.swift in Sources */,
				BD6D4F48211D3B5100D6220C /* UIViewControllerExtension.swift in Sources */,
				BD0D99BB2101372500FBBA2F /* Constants.swift in Sources */,
			);
			runOnlyForDeploymentPostprocessing = 0;
		};
		BD96BFAB21011DF800A354FC /* Sources */ = {
			isa = PBXSourcesBuildPhase;
			buildActionMask = 2147483647;
			files = (
				BD80717921045A37008BE4B1 /* UIViewExtension.swift in Sources */,
				BD80717521045A2F008BE4B1 /* AppCoordinatorProtocol.swift in Sources */,
				BD80717D21045A43008BE4B1 /* Colors.swift in Sources */,
				BD259B7A2104D73E00C7D0DE /* CollectionExtension.swift in Sources */,
				BD80716B21045A09008BE4B1 /* MainViewController.swift in Sources */,
				BD96BFB421011DF800A354FC /* kiwiSlangAppTests.swift in Sources */,
				BD80717721045A33008BE4B1 /* MainViewControllerProtocol.swift in Sources */,
				BD80716D21045A10008BE4B1 /* DetailViewController.swift in Sources */,
				BD80717B21045A40008BE4B1 /* Constants.swift in Sources */,
				BD80718521045CE6008BE4B1 /* CardView.swift in Sources */,
				BD807160210458E6008BE4B1 /* CountryFactory.swift in Sources */,
				BD259B7F2105364500C7D0DE /* Images.swift in Sources */,
				BD6D4F49211D3B5100D6220C /* UIViewControllerExtension.swift in Sources */,
				BD259B822105364500C7D0DE /* Localized.swift in Sources */,
			);
			runOnlyForDeploymentPostprocessing = 0;
		};
		BD96BFB621011DF800A354FC /* Sources */ = {
			isa = PBXSourcesBuildPhase;
			buildActionMask = 2147483647;
			files = (
				BD80717A21045A38008BE4B1 /* UIViewExtension.swift in Sources */,
				BD80717621045A2F008BE4B1 /* AppCoordinatorProtocol.swift in Sources */,
				BD6D4F4A211D3B5100D6220C /* UIViewControllerExtension.swift in Sources */,
				BD259B8721056E1800C7D0DE /* SnapshotHelper.swift in Sources */,
				BD80717E21045A44008BE4B1 /* Colors.swift in Sources */,
				BD259B7B2104D73E00C7D0DE /* CollectionExtension.swift in Sources */,
				BD80716C21045A09008BE4B1 /* MainViewController.swift in Sources */,
				BD80717821045A33008BE4B1 /* MainViewControllerProtocol.swift in Sources */,
				BD80716E21045A11008BE4B1 /* DetailViewController.swift in Sources */,
				BD80717C21045A41008BE4B1 /* Constants.swift in Sources */,
				BD80718621045CE7008BE4B1 /* CardView.swift in Sources */,
				BD96BFBF21011DF800A354FC /* kiwiSlangAppUITests.swift in Sources */,
				BD807161210458E7008BE4B1 /* CountryFactory.swift in Sources */,
				BD259B802105364500C7D0DE /* Images.swift in Sources */,
				BD259B832105364500C7D0DE /* Localized.swift in Sources */,
			);
			runOnlyForDeploymentPostprocessing = 0;
		};
		BDFAA23E210C006C003D929C /* Sources */ = {
			isa = PBXSourcesBuildPhase;
			buildActionMask = 2147483647;
			files = (
				BDC10CE6210C40490020AF22 /* CollectionExtension.swift in Sources */,
				BDC10CE4210C40260020AF22 /* SlangWord.swift in Sources */,
				BD58AC7A210C0BB500185FF3 /* Constants.swift in Sources */,
				BD58AC78210C0A3B00185FF3 /* UIViewExtension.swift in Sources */,
				BD317CB0210C325F006A7948 /* PersitanceManager.swift in Sources */,
				BD58AC79210C0A4700185FF3 /* Colors.swift in Sources */,
				BDC10CE3210C401B0020AF22 /* WordParser.swift in Sources */,
				BD317CAF210C3251006A7948 /* SlangWordProtocol.swift in Sources */,
				BDFAA247210C006D003D929C /* TodayViewController.swift in Sources */,
				BDC10CE5210C40340020AF22 /* Country.swift in Sources */,
				BDC10CE7210C40580020AF22 /* CardView.swift in Sources */,
				BD7B3D6F210D715900D0FCE0 /* Localized.swift in Sources */,
				BD6D4F4B211D3B5100D6220C /* UIViewControllerExtension.swift in Sources */,
				BD58AC7C210C0D3E00185FF3 /* CountryFactory.swift in Sources */,
			);
			runOnlyForDeploymentPostprocessing = 0;
		};
/* End PBXSourcesBuildPhase section */

/* Begin PBXTargetDependency section */
		BD96BFB121011DF800A354FC /* PBXTargetDependency */ = {
			isa = PBXTargetDependency;
			target = BD96BF9721011DF500A354FC /* kiwiSlangApp */;
			targetProxy = BD96BFB021011DF800A354FC /* PBXContainerItemProxy */;
		};
		BD96BFBC21011DF800A354FC /* PBXTargetDependency */ = {
			isa = PBXTargetDependency;
			target = BD96BF9721011DF500A354FC /* kiwiSlangApp */;
			targetProxy = BD96BFBB21011DF800A354FC /* PBXContainerItemProxy */;
		};
		BDFAA24D210C006D003D929C /* PBXTargetDependency */ = {
			isa = PBXTargetDependency;
			target = BDFAA241210C006C003D929C /* KiwiSlangWidget */;
			targetProxy = BDFAA24C210C006D003D929C /* PBXContainerItemProxy */;
		};
/* End PBXTargetDependency section */

/* Begin PBXVariantGroup section */
		BD0D99AA210122CB00FBBA2F /* Localizable.strings */ = {
			isa = PBXVariantGroup;
			children = (
				BD0D99A9210122CB00FBBA2F /* en */,
				BD0D99AD210122EC00FBBA2F /* es-419 */,
			);
			name = Localizable.strings;
			sourceTree = "<group>";
		};
		BD96BFA721011DF800A354FC /* LaunchScreen.storyboard */ = {
			isa = PBXVariantGroup;
			children = (
				BD96BFA821011DF800A354FC /* Base */,
				BD0D99AC210122EC00FBBA2F /* es-419 */,
			);
			name = LaunchScreen.storyboard;
			sourceTree = "<group>";
		};
		BDFAA248210C006D003D929C /* MainInterface.storyboard */ = {
			isa = PBXVariantGroup;
			children = (
				BDFAA249210C006D003D929C /* Base */,
				BD7B3D6C210D620000D0FCE0 /* en */,
				BD7B3D6E210D622C00D0FCE0 /* es-419 */,
			);
			name = MainInterface.storyboard;
			sourceTree = "<group>";
		};
/* End PBXVariantGroup section */

/* Begin XCBuildConfiguration section */
		BD0D99A22101221300FBBA2F /* Staging */ = {
			isa = XCBuildConfiguration;
			buildSettings = {
				ALWAYS_SEARCH_USER_PATHS = NO;
				CLANG_ANALYZER_LOCALIZABILITY_NONLOCALIZED = YES;
				CLANG_ANALYZER_NONNULL = YES;
				CLANG_ANALYZER_NUMBER_OBJECT_CONVERSION = YES_AGGRESSIVE;
				CLANG_CXX_LANGUAGE_STANDARD = "gnu++14";
				CLANG_CXX_LIBRARY = "libc++";
				CLANG_ENABLE_MODULES = YES;
				CLANG_ENABLE_OBJC_ARC = YES;
				CLANG_ENABLE_OBJC_WEAK = YES;
				CLANG_WARN_BLOCK_CAPTURE_AUTORELEASING = YES;
				CLANG_WARN_BOOL_CONVERSION = YES;
				CLANG_WARN_COMMA = YES;
				CLANG_WARN_CONSTANT_CONVERSION = YES;
				CLANG_WARN_DEPRECATED_OBJC_IMPLEMENTATIONS = YES;
				CLANG_WARN_DIRECT_OBJC_ISA_USAGE = YES_ERROR;
				CLANG_WARN_DOCUMENTATION_COMMENTS = YES;
				CLANG_WARN_EMPTY_BODY = YES;
				CLANG_WARN_ENUM_CONVERSION = YES;
				CLANG_WARN_INFINITE_RECURSION = YES;
				CLANG_WARN_INT_CONVERSION = YES;
				CLANG_WARN_NON_LITERAL_NULL_CONVERSION = YES;
				CLANG_WARN_OBJC_IMPLICIT_RETAIN_SELF = YES;
				CLANG_WARN_OBJC_LITERAL_CONVERSION = YES;
				CLANG_WARN_OBJC_ROOT_CLASS = YES_ERROR;
				CLANG_WARN_RANGE_LOOP_ANALYSIS = YES;
				CLANG_WARN_STRICT_PROTOTYPES = YES;
				CLANG_WARN_SUSPICIOUS_MOVE = YES;
				CLANG_WARN_UNGUARDED_AVAILABILITY = YES_AGGRESSIVE;
				CLANG_WARN_UNREACHABLE_CODE = YES;
				CLANG_WARN__DUPLICATE_METHOD_MATCH = YES;
				CODE_SIGN_IDENTITY = "iPhone Developer";
				COPY_PHASE_STRIP = NO;
				DEBUG_INFORMATION_FORMAT = "dwarf-with-dsym";
				ENABLE_NS_ASSERTIONS = NO;
				ENABLE_STRICT_OBJC_MSGSEND = YES;
				GCC_C_LANGUAGE_STANDARD = gnu11;
				GCC_NO_COMMON_BLOCKS = YES;
				GCC_WARN_64_TO_32_BIT_CONVERSION = YES;
				GCC_WARN_ABOUT_RETURN_TYPE = YES_ERROR;
				GCC_WARN_UNDECLARED_SELECTOR = YES;
				GCC_WARN_UNINITIALIZED_AUTOS = YES_AGGRESSIVE;
				GCC_WARN_UNUSED_FUNCTION = YES;
				GCC_WARN_UNUSED_VARIABLE = YES;
				IPHONEOS_DEPLOYMENT_TARGET = 11.4;
				MTL_ENABLE_DEBUG_INFO = NO;
				SDKROOT = iphoneos;
				SWIFT_COMPILATION_MODE = wholemodule;
				SWIFT_OPTIMIZATION_LEVEL = "-O";
				VALIDATE_PRODUCT = YES;
			};
			name = Staging;
		};
		BD0D99A32101221300FBBA2F /* Staging */ = {
			isa = XCBuildConfiguration;
			baseConfigurationReference = C894BE0003F8B499BD26809F /* Pods-kiwiSlangApp.staging.xcconfig */;
			buildSettings = {
				ALWAYS_EMBED_SWIFT_STANDARD_LIBRARIES = "$(inherited)";
				ASSETCATALOG_COMPILER_APPICON_NAME = AppIcon;
				CODE_SIGN_ENTITLEMENTS = kiwiSlangApp/kiwiSlangApp.entitlements;
				CODE_SIGN_IDENTITY = "iPhone Distribution";
				CODE_SIGN_STYLE = Manual;
				CURRENT_PROJECT_VERSION = 14;
				DEVELOPMENT_TEAM = C8499A962H;
				INFOPLIST_FILE = kiwiSlangApp/Info.plist;
				IPHONEOS_DEPLOYMENT_TARGET = 10.3;
				LD_RUNPATH_SEARCH_PATHS = (
					"$(inherited)",
					"@executable_path/Frameworks",
				);
				MTL_ENABLE_DEBUG_INFO = YES;
				PRODUCT_BUNDLE_IDENTIFIER = com.sheinix.kiwiSlangApp;
				PRODUCT_NAME = "$(TARGET_NAME)";
				PROVISIONING_PROFILE = "f1a4819e-144e-452f-9cf5-30ddb7abc585";
				PROVISIONING_PROFILE_SPECIFIER = "match AppStore com.sheinix.kiwiSlangApp";
				SWIFT_VERSION = 4.0;
				TARGETED_DEVICE_FAMILY = "1,2";
				VERSIONING_SYSTEM = "apple-generic";
			};
			name = Staging;
		};
		BD0D99A42101221300FBBA2F /* Staging */ = {
			isa = XCBuildConfiguration;
			baseConfigurationReference = 13F66C6F30300D43A2CE82B0 /* Pods-kiwiSlangAppTests.staging.xcconfig */;
			buildSettings = {
				ALWAYS_EMBED_SWIFT_STANDARD_LIBRARIES = YES;
				BUNDLE_LOADER = "$(TEST_HOST)";
				CODE_SIGN_STYLE = Automatic;
				DEVELOPMENT_TEAM = C8499A962H;
				INFOPLIST_FILE = kiwiSlangAppTests/Info.plist;
				LD_RUNPATH_SEARCH_PATHS = (
					"$(inherited)",
					"@executable_path/Frameworks",
					"@loader_path/Frameworks",
				);
				PRODUCT_BUNDLE_IDENTIFIER = com.sheinix.kiwiSlangAppTests;
				PRODUCT_NAME = "$(TARGET_NAME)";
				SWIFT_VERSION = 4.0;
				TARGETED_DEVICE_FAMILY = "1,2";
				TEST_HOST = "$(BUILT_PRODUCTS_DIR)/kiwiSlangApp.app/kiwiSlangApp";
			};
			name = Staging;
		};
		BD0D99A52101221300FBBA2F /* Staging */ = {
			isa = XCBuildConfiguration;
			baseConfigurationReference = 141DF031864DDC8413FB884D /* Pods-kiwiSlangAppUITests.staging.xcconfig */;
			buildSettings = {
				ALWAYS_EMBED_SWIFT_STANDARD_LIBRARIES = YES;
				CODE_SIGN_STYLE = Automatic;
				DEVELOPMENT_TEAM = C8499A962H;
				HEADER_SEARCH_PATHS = "";
				INFOPLIST_FILE = kiwiSlangAppUITests/Info.plist;
				LD_RUNPATH_SEARCH_PATHS = (
					"$(inherited)",
					"@executable_path/Frameworks",
					"@loader_path/Frameworks",
				);
				PRODUCT_BUNDLE_IDENTIFIER = com.sheinix.kiwiSlangAppUITests;
				PRODUCT_NAME = "$(TARGET_NAME)";
				SWIFT_VERSION = 4.0;
				TARGETED_DEVICE_FAMILY = "1,2";
				TEST_TARGET_NAME = kiwiSlangApp;
			};
			name = Staging;
		};
		BD96BFC121011DF800A354FC /* Debug */ = {
			isa = XCBuildConfiguration;
			buildSettings = {
				ALWAYS_SEARCH_USER_PATHS = NO;
				CLANG_ANALYZER_LOCALIZABILITY_NONLOCALIZED = YES;
				CLANG_ANALYZER_NONNULL = YES;
				CLANG_ANALYZER_NUMBER_OBJECT_CONVERSION = YES_AGGRESSIVE;
				CLANG_CXX_LANGUAGE_STANDARD = "gnu++14";
				CLANG_CXX_LIBRARY = "libc++";
				CLANG_ENABLE_MODULES = YES;
				CLANG_ENABLE_OBJC_ARC = YES;
				CLANG_ENABLE_OBJC_WEAK = YES;
				CLANG_WARN_BLOCK_CAPTURE_AUTORELEASING = YES;
				CLANG_WARN_BOOL_CONVERSION = YES;
				CLANG_WARN_COMMA = YES;
				CLANG_WARN_CONSTANT_CONVERSION = YES;
				CLANG_WARN_DEPRECATED_OBJC_IMPLEMENTATIONS = YES;
				CLANG_WARN_DIRECT_OBJC_ISA_USAGE = YES_ERROR;
				CLANG_WARN_DOCUMENTATION_COMMENTS = YES;
				CLANG_WARN_EMPTY_BODY = YES;
				CLANG_WARN_ENUM_CONVERSION = YES;
				CLANG_WARN_INFINITE_RECURSION = YES;
				CLANG_WARN_INT_CONVERSION = YES;
				CLANG_WARN_NON_LITERAL_NULL_CONVERSION = YES;
				CLANG_WARN_OBJC_IMPLICIT_RETAIN_SELF = YES;
				CLANG_WARN_OBJC_LITERAL_CONVERSION = YES;
				CLANG_WARN_OBJC_ROOT_CLASS = YES_ERROR;
				CLANG_WARN_RANGE_LOOP_ANALYSIS = YES;
				CLANG_WARN_STRICT_PROTOTYPES = YES;
				CLANG_WARN_SUSPICIOUS_MOVE = YES;
				CLANG_WARN_UNGUARDED_AVAILABILITY = YES_AGGRESSIVE;
				CLANG_WARN_UNREACHABLE_CODE = YES;
				CLANG_WARN__DUPLICATE_METHOD_MATCH = YES;
				CODE_SIGN_IDENTITY = "iPhone Developer";
				COPY_PHASE_STRIP = NO;
				DEBUG_INFORMATION_FORMAT = dwarf;
				ENABLE_STRICT_OBJC_MSGSEND = YES;
				ENABLE_TESTABILITY = YES;
				GCC_C_LANGUAGE_STANDARD = gnu11;
				GCC_DYNAMIC_NO_PIC = NO;
				GCC_NO_COMMON_BLOCKS = YES;
				GCC_OPTIMIZATION_LEVEL = 0;
				GCC_PREPROCESSOR_DEFINITIONS = (
					"DEBUG=1",
					"$(inherited)",
				);
				GCC_WARN_64_TO_32_BIT_CONVERSION = YES;
				GCC_WARN_ABOUT_RETURN_TYPE = YES_ERROR;
				GCC_WARN_UNDECLARED_SELECTOR = YES;
				GCC_WARN_UNINITIALIZED_AUTOS = YES_AGGRESSIVE;
				GCC_WARN_UNUSED_FUNCTION = YES;
				GCC_WARN_UNUSED_VARIABLE = YES;
				IPHONEOS_DEPLOYMENT_TARGET = 11.4;
				MTL_ENABLE_DEBUG_INFO = YES;
				ONLY_ACTIVE_ARCH = YES;
				SDKROOT = iphoneos;
				SWIFT_ACTIVE_COMPILATION_CONDITIONS = DEBUG;
				SWIFT_OPTIMIZATION_LEVEL = "-Onone";
			};
			name = Debug;
		};
		BD96BFC221011DF800A354FC /* Release */ = {
			isa = XCBuildConfiguration;
			buildSettings = {
				ALWAYS_SEARCH_USER_PATHS = NO;
				CLANG_ANALYZER_LOCALIZABILITY_NONLOCALIZED = YES;
				CLANG_ANALYZER_NONNULL = YES;
				CLANG_ANALYZER_NUMBER_OBJECT_CONVERSION = YES_AGGRESSIVE;
				CLANG_CXX_LANGUAGE_STANDARD = "gnu++14";
				CLANG_CXX_LIBRARY = "libc++";
				CLANG_ENABLE_MODULES = YES;
				CLANG_ENABLE_OBJC_ARC = YES;
				CLANG_ENABLE_OBJC_WEAK = YES;
				CLANG_WARN_BLOCK_CAPTURE_AUTORELEASING = YES;
				CLANG_WARN_BOOL_CONVERSION = YES;
				CLANG_WARN_COMMA = YES;
				CLANG_WARN_CONSTANT_CONVERSION = YES;
				CLANG_WARN_DEPRECATED_OBJC_IMPLEMENTATIONS = YES;
				CLANG_WARN_DIRECT_OBJC_ISA_USAGE = YES_ERROR;
				CLANG_WARN_DOCUMENTATION_COMMENTS = YES;
				CLANG_WARN_EMPTY_BODY = YES;
				CLANG_WARN_ENUM_CONVERSION = YES;
				CLANG_WARN_INFINITE_RECURSION = YES;
				CLANG_WARN_INT_CONVERSION = YES;
				CLANG_WARN_NON_LITERAL_NULL_CONVERSION = YES;
				CLANG_WARN_OBJC_IMPLICIT_RETAIN_SELF = YES;
				CLANG_WARN_OBJC_LITERAL_CONVERSION = YES;
				CLANG_WARN_OBJC_ROOT_CLASS = YES_ERROR;
				CLANG_WARN_RANGE_LOOP_ANALYSIS = YES;
				CLANG_WARN_STRICT_PROTOTYPES = YES;
				CLANG_WARN_SUSPICIOUS_MOVE = YES;
				CLANG_WARN_UNGUARDED_AVAILABILITY = YES_AGGRESSIVE;
				CLANG_WARN_UNREACHABLE_CODE = YES;
				CLANG_WARN__DUPLICATE_METHOD_MATCH = YES;
				CODE_SIGN_IDENTITY = "iPhone Developer";
				COPY_PHASE_STRIP = NO;
				DEBUG_INFORMATION_FORMAT = "dwarf-with-dsym";
				ENABLE_NS_ASSERTIONS = NO;
				ENABLE_STRICT_OBJC_MSGSEND = YES;
				GCC_C_LANGUAGE_STANDARD = gnu11;
				GCC_NO_COMMON_BLOCKS = YES;
				GCC_WARN_64_TO_32_BIT_CONVERSION = YES;
				GCC_WARN_ABOUT_RETURN_TYPE = YES_ERROR;
				GCC_WARN_UNDECLARED_SELECTOR = YES;
				GCC_WARN_UNINITIALIZED_AUTOS = YES_AGGRESSIVE;
				GCC_WARN_UNUSED_FUNCTION = YES;
				GCC_WARN_UNUSED_VARIABLE = YES;
				IPHONEOS_DEPLOYMENT_TARGET = 11.4;
				MTL_ENABLE_DEBUG_INFO = NO;
				SDKROOT = iphoneos;
				SWIFT_COMPILATION_MODE = wholemodule;
				SWIFT_OPTIMIZATION_LEVEL = "-O";
				VALIDATE_PRODUCT = YES;
			};
			name = Release;
		};
		BD96BFC421011DF800A354FC /* Debug */ = {
			isa = XCBuildConfiguration;
			baseConfigurationReference = B11FE4A97989E752A2B26C90 /* Pods-kiwiSlangApp.debug.xcconfig */;
			buildSettings = {
				ALWAYS_EMBED_SWIFT_STANDARD_LIBRARIES = "$(inherited)";
				ASSETCATALOG_COMPILER_APPICON_NAME = AppIcon;
				CODE_SIGN_ENTITLEMENTS = kiwiSlangApp/kiwiSlangApp.entitlements;
				CODE_SIGN_IDENTITY = "iPhone Developer";
				CODE_SIGN_STYLE = Manual;
				CURRENT_PROJECT_VERSION = 14;
				DEVELOPMENT_TEAM = C8499A962H;
				INFOPLIST_FILE = kiwiSlangApp/Info.plist;
				IPHONEOS_DEPLOYMENT_TARGET = 10.3;
				LD_RUNPATH_SEARCH_PATHS = (
					"$(inherited)",
					"@executable_path/Frameworks",
				);
				PRODUCT_BUNDLE_IDENTIFIER = com.sheinix.kiwiSlangApp;
				PRODUCT_NAME = "$(TARGET_NAME)";
				PROVISIONING_PROFILE = "f39ff952-2224-4cb2-a5d2-f36c768ebe67";
				PROVISIONING_PROFILE_SPECIFIER = "match Development com.sheinix.kiwiSlangApp";
				SWIFT_VERSION = 4.0;
				TARGETED_DEVICE_FAMILY = "1,2";
				VERSIONING_SYSTEM = "apple-generic";
			};
			name = Debug;
		};
		BD96BFC521011DF800A354FC /* Release */ = {
			isa = XCBuildConfiguration;
			baseConfigurationReference = 99F21EE411FE5335685929DE /* Pods-kiwiSlangApp.release.xcconfig */;
			buildSettings = {
				ALWAYS_EMBED_SWIFT_STANDARD_LIBRARIES = "$(inherited)";
				ASSETCATALOG_COMPILER_APPICON_NAME = AppIcon;
				CODE_SIGN_ENTITLEMENTS = kiwiSlangApp/kiwiSlangApp.entitlements;
				CODE_SIGN_IDENTITY = "iPhone Distribution";
				CODE_SIGN_STYLE = Manual;
				CURRENT_PROJECT_VERSION = 14;
				DEVELOPMENT_TEAM = C8499A962H;
				INFOPLIST_FILE = kiwiSlangApp/Info.plist;
				IPHONEOS_DEPLOYMENT_TARGET = 10.3;
				LD_RUNPATH_SEARCH_PATHS = (
					"$(inherited)",
					"@executable_path/Frameworks",
				);
				PRODUCT_BUNDLE_IDENTIFIER = com.sheinix.kiwiSlangApp;
				PRODUCT_NAME = "$(TARGET_NAME)";
				PROVISIONING_PROFILE = "f1a4819e-144e-452f-9cf5-30ddb7abc585";
				PROVISIONING_PROFILE_SPECIFIER = "match AppStore com.sheinix.kiwiSlangApp";
				SWIFT_VERSION = 4.0;
				TARGETED_DEVICE_FAMILY = "1,2";
				VERSIONING_SYSTEM = "apple-generic";
			};
			name = Release;
		};
		BD96BFC721011DF800A354FC /* Debug */ = {
			isa = XCBuildConfiguration;
			baseConfigurationReference = E12F5BEEA21214B1874FE856 /* Pods-kiwiSlangAppTests.debug.xcconfig */;
			buildSettings = {
				ALWAYS_EMBED_SWIFT_STANDARD_LIBRARIES = YES;
				BUNDLE_LOADER = "$(TEST_HOST)";
				CODE_SIGN_STYLE = Automatic;
				DEVELOPMENT_TEAM = C8499A962H;
				INFOPLIST_FILE = kiwiSlangAppTests/Info.plist;
				LD_RUNPATH_SEARCH_PATHS = (
					"$(inherited)",
					"@executable_path/Frameworks",
					"@loader_path/Frameworks",
				);
				PRODUCT_BUNDLE_IDENTIFIER = com.sheinix.kiwiSlangAppTests;
				PRODUCT_NAME = "$(TARGET_NAME)";
				SWIFT_VERSION = 4.0;
				TARGETED_DEVICE_FAMILY = "1,2";
				TEST_HOST = "$(BUILT_PRODUCTS_DIR)/kiwiSlangApp.app/kiwiSlangApp";
			};
			name = Debug;
		};
		BD96BFC821011DF800A354FC /* Release */ = {
			isa = XCBuildConfiguration;
			baseConfigurationReference = C67050A55078D1738C3EE80A /* Pods-kiwiSlangAppTests.release.xcconfig */;
			buildSettings = {
				ALWAYS_EMBED_SWIFT_STANDARD_LIBRARIES = YES;
				BUNDLE_LOADER = "$(TEST_HOST)";
				CODE_SIGN_STYLE = Automatic;
				DEVELOPMENT_TEAM = C8499A962H;
				INFOPLIST_FILE = kiwiSlangAppTests/Info.plist;
				LD_RUNPATH_SEARCH_PATHS = (
					"$(inherited)",
					"@executable_path/Frameworks",
					"@loader_path/Frameworks",
				);
				PRODUCT_BUNDLE_IDENTIFIER = com.sheinix.kiwiSlangAppTests;
				PRODUCT_NAME = "$(TARGET_NAME)";
				SWIFT_VERSION = 4.0;
				TARGETED_DEVICE_FAMILY = "1,2";
				TEST_HOST = "$(BUILT_PRODUCTS_DIR)/kiwiSlangApp.app/kiwiSlangApp";
			};
			name = Release;
		};
		BD96BFCA21011DF800A354FC /* Debug */ = {
			isa = XCBuildConfiguration;
			baseConfigurationReference = BF4AEC51A3BC3BA69D8338E7 /* Pods-kiwiSlangAppUITests.debug.xcconfig */;
			buildSettings = {
				ALWAYS_EMBED_SWIFT_STANDARD_LIBRARIES = YES;
				CODE_SIGN_STYLE = Automatic;
				DEVELOPMENT_TEAM = C8499A962H;
				HEADER_SEARCH_PATHS = "";
				INFOPLIST_FILE = kiwiSlangAppUITests/Info.plist;
				LD_RUNPATH_SEARCH_PATHS = (
					"$(inherited)",
					"@executable_path/Frameworks",
					"@loader_path/Frameworks",
				);
				PRODUCT_BUNDLE_IDENTIFIER = com.sheinix.kiwiSlangAppUITests;
				PRODUCT_NAME = "$(TARGET_NAME)";
				SWIFT_VERSION = 4.0;
				TARGETED_DEVICE_FAMILY = "1,2";
				TEST_TARGET_NAME = kiwiSlangApp;
			};
			name = Debug;
		};
		BD96BFCB21011DF800A354FC /* Release */ = {
			isa = XCBuildConfiguration;
			baseConfigurationReference = 9BED4DE99D03649D3504BD4E /* Pods-kiwiSlangAppUITests.release.xcconfig */;
			buildSettings = {
				ALWAYS_EMBED_SWIFT_STANDARD_LIBRARIES = YES;
				CODE_SIGN_STYLE = Automatic;
				DEVELOPMENT_TEAM = C8499A962H;
				HEADER_SEARCH_PATHS = "";
				INFOPLIST_FILE = kiwiSlangAppUITests/Info.plist;
				LD_RUNPATH_SEARCH_PATHS = (
					"$(inherited)",
					"@executable_path/Frameworks",
					"@loader_path/Frameworks",
				);
				PRODUCT_BUNDLE_IDENTIFIER = com.sheinix.kiwiSlangAppUITests;
				PRODUCT_NAME = "$(TARGET_NAME)";
				SWIFT_VERSION = 4.0;
				TARGETED_DEVICE_FAMILY = "1,2";
				TEST_TARGET_NAME = kiwiSlangApp;
			};
			name = Release;
		};
		BDFAA24F210C006D003D929C /* Debug */ = {
			isa = XCBuildConfiguration;
			baseConfigurationReference = 1A1D3484A5EBB1A03DF07557 /* Pods-KiwiSlangWidget.debug.xcconfig */;
			buildSettings = {
				APPLICATION_EXTENSION_API_ONLY = YES;
				CODE_SIGN_ENTITLEMENTS = KiwiSlangWidget/KiwiSlangWidget.entitlements;
				CODE_SIGN_IDENTITY = "iPhone Developer";
				CODE_SIGN_STYLE = Manual;
				DEVELOPMENT_TEAM = C8499A962H;
				FRAMEWORK_SEARCH_PATHS = "$(inherited)";
				INFOPLIST_FILE = KiwiSlangWidget/Info.plist;
				IPHONEOS_DEPLOYMENT_TARGET = 10.3;
				LD_RUNPATH_SEARCH_PATHS = (
					"$(inherited)",
					"@executable_path/Frameworks",
					"@executable_path/../../Frameworks",
				);
				PODS_BUILD_DIR = "$(inherited)";
				PODS_CONFIGURATION_BUILD_DIR = "$(inherited)";
				PRODUCT_BUNDLE_IDENTIFIER = com.sheinix.kiwiSlangApp.KiwiSlangWidget;
				PRODUCT_NAME = "$(TARGET_NAME)";
				PROVISIONING_PROFILE = "f38cca25-b3cb-4088-b4da-1a065159c440";
				PROVISIONING_PROFILE_SPECIFIER = "match Development com.sheinix.kiwiSlangApp.KiwiSlangWidget";
				SKIP_INSTALL = YES;
				SWIFT_VERSION = 4.0;
				SYSTEM_FRAMEWORK_SEARCH_PATHS = "$(inherited)";
				TARGETED_DEVICE_FAMILY = "1,2";
			};
			name = Debug;
		};
		BDFAA250210C006D003D929C /* Release */ = {
			isa = XCBuildConfiguration;
			baseConfigurationReference = 6041E7029AA9F967E41696A9 /* Pods-KiwiSlangWidget.release.xcconfig */;
			buildSettings = {
				APPLICATION_EXTENSION_API_ONLY = YES;
				CODE_SIGN_ENTITLEMENTS = KiwiSlangWidget/KiwiSlangWidget.entitlements;
				CODE_SIGN_IDENTITY = "iPhone Distribution";
				CODE_SIGN_STYLE = Manual;
				DEVELOPMENT_TEAM = C8499A962H;
				FRAMEWORK_SEARCH_PATHS = "$(inherited)";
				INFOPLIST_FILE = KiwiSlangWidget/Info.plist;
				IPHONEOS_DEPLOYMENT_TARGET = 10.3;
				LD_RUNPATH_SEARCH_PATHS = (
					"$(inherited)",
					"@executable_path/Frameworks",
					"@executable_path/../../Frameworks",
				);
				PODS_BUILD_DIR = "$(inherited)";
				PODS_CONFIGURATION_BUILD_DIR = "$(inherited)";
				PRODUCT_BUNDLE_IDENTIFIER = com.sheinix.kiwiSlangApp.KiwiSlangWidget;
				PRODUCT_NAME = "$(TARGET_NAME)";
				PROVISIONING_PROFILE = "f9d43e48-98be-4cdf-9a19-6a03fd1cfc3c";
				PROVISIONING_PROFILE_SPECIFIER = "match AppStore com.sheinix.kiwiSlangApp.KiwiSlangWidget";
				SKIP_INSTALL = YES;
				SWIFT_VERSION = 4.0;
				SYSTEM_FRAMEWORK_SEARCH_PATHS = "$(inherited)";
				TARGETED_DEVICE_FAMILY = "1,2";
			};
			name = Release;
		};
		BDFAA251210C006D003D929C /* Staging */ = {
			isa = XCBuildConfiguration;
			baseConfigurationReference = 4B8FC6037EE9C0747E9C1E25 /* Pods-KiwiSlangWidget.staging.xcconfig */;
			buildSettings = {
				APPLICATION_EXTENSION_API_ONLY = YES;
				CODE_SIGN_ENTITLEMENTS = KiwiSlangWidget/KiwiSlangWidget.entitlements;
				CODE_SIGN_IDENTITY = "iPhone Distribution";
				CODE_SIGN_STYLE = Manual;
				DEVELOPMENT_TEAM = C8499A962H;
				FRAMEWORK_SEARCH_PATHS = "$(inherited)";
				INFOPLIST_FILE = KiwiSlangWidget/Info.plist;
				IPHONEOS_DEPLOYMENT_TARGET = 10.3;
				LD_RUNPATH_SEARCH_PATHS = (
					"$(inherited)",
					"@executable_path/Frameworks",
					"@executable_path/../../Frameworks",
				);
				PODS_BUILD_DIR = "$(inherited)";
				PODS_CONFIGURATION_BUILD_DIR = "$(inherited)";
				PRODUCT_BUNDLE_IDENTIFIER = com.sheinix.kiwiSlangApp.KiwiSlangWidget;
				PRODUCT_NAME = "$(TARGET_NAME)";
				PROVISIONING_PROFILE = "f9d43e48-98be-4cdf-9a19-6a03fd1cfc3c";
				PROVISIONING_PROFILE_SPECIFIER = "match AppStore com.sheinix.kiwiSlangApp.KiwiSlangWidget";
				SKIP_INSTALL = YES;
				SWIFT_VERSION = 4.0;
				SYSTEM_FRAMEWORK_SEARCH_PATHS = "$(inherited)";
				TARGETED_DEVICE_FAMILY = "1,2";
			};
			name = Staging;
		};
/* End XCBuildConfiguration section */

/* Begin XCConfigurationList section */
		BD96BF9321011DF500A354FC /* Build configuration list for PBXProject "kiwiSlangApp" */ = {
			isa = XCConfigurationList;
			buildConfigurations = (
				BD96BFC121011DF800A354FC /* Debug */,
				BD96BFC221011DF800A354FC /* Release */,
				BD0D99A22101221300FBBA2F /* Staging */,
			);
			defaultConfigurationIsVisible = 0;
			defaultConfigurationName = Release;
		};
		BD96BFC321011DF800A354FC /* Build configuration list for PBXNativeTarget "kiwiSlangApp" */ = {
			isa = XCConfigurationList;
			buildConfigurations = (
				BD96BFC421011DF800A354FC /* Debug */,
				BD96BFC521011DF800A354FC /* Release */,
				BD0D99A32101221300FBBA2F /* Staging */,
			);
			defaultConfigurationIsVisible = 0;
			defaultConfigurationName = Release;
		};
		BD96BFC621011DF800A354FC /* Build configuration list for PBXNativeTarget "kiwiSlangAppTests" */ = {
			isa = XCConfigurationList;
			buildConfigurations = (
				BD96BFC721011DF800A354FC /* Debug */,
				BD96BFC821011DF800A354FC /* Release */,
				BD0D99A42101221300FBBA2F /* Staging */,
			);
			defaultConfigurationIsVisible = 0;
			defaultConfigurationName = Release;
		};
		BD96BFC921011DF800A354FC /* Build configuration list for PBXNativeTarget "kiwiSlangAppUITests" */ = {
			isa = XCConfigurationList;
			buildConfigurations = (
				BD96BFCA21011DF800A354FC /* Debug */,
				BD96BFCB21011DF800A354FC /* Release */,
				BD0D99A52101221300FBBA2F /* Staging */,
			);
			defaultConfigurationIsVisible = 0;
			defaultConfigurationName = Release;
		};
		BDFAA252210C006D003D929C /* Build configuration list for PBXNativeTarget "KiwiSlangWidget" */ = {
			isa = XCConfigurationList;
			buildConfigurations = (
				BDFAA24F210C006D003D929C /* Debug */,
				BDFAA250210C006D003D929C /* Release */,
				BDFAA251210C006D003D929C /* Staging */,
			);
			defaultConfigurationIsVisible = 0;
			defaultConfigurationName = Release;
		};
/* End XCConfigurationList section */
	};
	rootObject = BD96BF9021011DF500A354FC /* Project object */;
}
