PODS:
  - AFDateHelper (4.2.7)
  - Crashlytics (3.10.5):
    - Fabric (~> 1.7.9)
  - Fabric (1.7.9)
  - Koloda (4.3.1):
    - pop (~> 1.0)
  - pop (1.0.10)
  - Realm (3.7.5):
    - Realm/Headers (= 3.7.5)
  - Realm/Headers (3.7.5)
  - RealmSwift (3.7.5):
    - Realm (= 3.7.5)
  - SnapKit (4.0.0)
  - SwiftGen (5.3.0)
  - SwiftLint (0.26.0)

DEPENDENCIES:
  - AFDateHelper (~> 4.2.2)
  - Crashlytics
  - Fabric
  - Koloda
  - RealmSwift
  - SnapKit (~> 4.0.0)
  - SwiftGen
  - SwiftLint

SPEC CHECKSUMS:
  AFDateHelper: 4ad66fb19503041fbba8a3018cb7ef9c71b2ff88
  Crashlytics: 7f2e38d302d9da96475b3d64d86fb29e31a542b7
  Fabric: a2917d3895e4c1569b9c3170de7320ea1b1e6661
  Koloda: 0d39b2aa188ccd1fac48d752acaf9802e683c625
  pop: 82ca6b068ce9278fd350fd9dd09482a0ce9492e6
  Realm: c286caf4dbf346ce24aad49ca76c7ce622d4a082
  RealmSwift: 2a9281e37d6de55f66f76254d49d28aeb1b729e4
  SnapKit: a42d492c16e80209130a3379f73596c3454b7694
  SwiftGen: 4379bd3640b0a212a0f6ea3c494adba385513d10
  SwiftLint: f6b83e8d95ee1e91e11932d843af4fdcbf3fc764

PODFILE CHECKSUM: f53e76aa45a846c8fe4677963f39a20e2162b1aa

COCOAPODS: 1.4.0
